
Microsoft Visual Studio Solution File, Format Version 12.00
# Visual Studio 15
VisualStudioVersion = 15.0.27130.2020
MinimumVisualStudioVersion = 10.0.40219.1
Project("{2150E333-8FDC-42A3-9474-1A3956D46DE8}") = "MainApp", "MainApp", "{BED183D3-5E82-440D-A2FE-E977560B3E20}"
EndProject
Project("{8BC9CEB8-8B4A-11D0-8D11-00A0C91BC942}") = "Main32App", "Main32App\Main32App.vcxproj", "{9B4A22B0-3167-46A8-A82E-01F6FB6DF403}"
EndProject
Project("{FAE04EC0-301F-11D3-BF4B-00C04F79EFBC}") = "Main32UI", "Main32UI\Main32UI.csproj", "{11BDA4BA-C0B4-4360-9E96-407022AFA0C2}"
EndProject
Project("{2150E333-8FDC-42A3-9474-1A3956D46DE8}") = "Modules", "Modules", "{FAEF3F80-B91B-46F5-967E-D79A38317AEE}"
EndProject
Project("{2150E333-8FDC-42A3-9474-1A3956D46DE8}") = "Utilitys", "Utilitys", "{C11050D8-915C-4BF3-B5D6-8A69199B58D7}"
EndProject
Project("{2150E333-8FDC-42A3-9474-1A3956D46DE8}") = "Update", "Update", "{92265B46-21E4-4AED-A4C9-D0371D0DD4EF}"
EndProject
Project("{2150E333-8FDC-42A3-9474-1A3956D46DE8}") = "ProfileTest", "ProfileTest", "{24756EB7-C420-4294-AF63-DB142B7EBC3F}"
EndProject
Project("{FAE04EC0-301F-11D3-BF4B-00C04F79EFBC}") = "MainUWPApp", "MainUWPApp\MainUWPApp.csproj", "{276B4412-EF99-4697-90B1-4AD575773723}"
EndProject
Project("{2150E333-8FDC-42A3-9474-1A3956D46DE8}") = "MVVMDemo", "MVVMDemo", "{FA14B410-A5A2-41FD-8A4E-C8E317051764}"
EndProject
Project("{2150E333-8FDC-42A3-9474-1A3956D46DE8}") = "HIDDemo", "HIDDemo", "{35CAB925-A92F-4664-B8D9-2600DDD734DC}"
EndProject
Project("{FAE04EC0-301F-11D3-BF4B-00C04F79EFBC}") = "HIDDemo", "Modules\HIDDemo\HIDDemo\HIDDemo.csproj", "{9540155D-5EF9-49CD-ACB5-F3F9CA658E9A}"
EndProject
Project("{FAE04EC0-301F-11D3-BF4B-00C04F79EFBC}") = "HIDHeadSet", "Modules\HIDDemo\HIDHeadSet\HIDHeadSet.csproj", "{6B6C92E4-0054-4624-A36A-5AD567263756}"
EndProject
Project("{FAE04EC0-301F-11D3-BF4B-00C04F79EFBC}") = "HIDLib", "Utility\HIDLib\HIDLib.csproj", "{E31D692F-431B-42A5-8621-898BCE275FE6}"
EndProject
Project("{FAE04EC0-301F-11D3-BF4B-00C04F79EFBC}") = "UtilityUILib", "Utility\UtilityUILib\UtilityUILib.csproj", "{DBEBD3F1-85B3-4D9C-B846-C25B511A156A}"
EndProject
Project("{FAE04EC0-301F-11D3-BF4B-00C04F79EFBC}") = "WPFMVVM", "Modules\MVVMDemo\WPFMVVM\WPFMVVM.csproj", "{9B9B2621-6DAC-4D1E-A2BC-E9DC5F6874AF}"
EndProject
Project("{FAE04EC0-301F-11D3-BF4B-00C04F79EFBC}") = "ProfileTest", "Modules\ProfileTest\ProfileTest\ProfileTest.csproj", "{5857C378-E660-48F9-886F-E0778B78C036}"
EndProject
Project("{8BC9CEB8-8B4A-11D0-8D11-00A0C91BC942}") = "HPSALibWarper", "Modules\Update\HPSALibWarper\HPSALibWarper.vcxproj", "{E1CF2D6B-748E-4333-BFF1-CDCE0D75D8E3}"
EndProject
Project("{8BC9CEB8-8B4A-11D0-8D11-00A0C91BC942}") = "DebugLogOutput", "Utility\DebugLogOutput\DebugLogOutput.vcxitems", "{4426F97B-389D-4BF2-8ABC-151A32DC774A}"
EndProject
Project("{8BC9CEB8-8B4A-11D0-8D11-00A0C91BC942}") = "SharedPipeServer", "Utility\SharedPipeServer\SharedPipeServer.vcxitems", "{45D41ACC-2C3C-43D2-BC10-02AA73FFC7C7}"
EndProject
Project("{D954291E-2A0B-460D-934E-DC6B0785DB48}") = "ShareUtilityLib", "Utility\ShareUtilityLib\ShareUtilityLib.shproj", "{6FCA845E-1857-4269-86E5-3604769B687E}"
EndProject
Project("{8BC9CEB8-8B4A-11D0-8D11-00A0C91BC942}") = "PipeClient", "Utility\PipeClient (DotNet)\PipeClient (DotNet).vcxproj", "{04CBCB7B-CB97-405D-A6DD-5048774E56C3}"
EndProject
Project("{8BC9CEB8-8B4A-11D0-8D11-00A0C91BC942}") = "PipeClient (Win32)", "Utility\PipeClient (Win32)\PipeClient (Win32).vcxproj", "{9A244334-391E-4288-9B9D-59047B33AC0A}"
EndProject
Project("{8BC9CEB8-8B4A-11D0-8D11-00A0C91BC942}") = "UpdateFunc", "Modules\Update\UpdateFunc\UpdateFunc.vcxproj", "{067B0B22-23D8-4EEF-B893-5E30FC02A60B}"
EndProject
Project("{FAE04EC0-301F-11D3-BF4B-00C04F79EFBC}") = "UpdateUI", "Modules\Update\UpdateUI\UpdateUI.csproj", "{04FA3862-E17A-49F2-8C10-5F84E9084350}"
EndProject
Project("{2150E333-8FDC-42A3-9474-1A3956D46DE8}") = "ZWEI", "ZWEI", "{FC251C6C-8893-4C6E-8755-92A73F2AD070}"
EndProject
Project("{FAE04EC0-301F-11D3-BF4B-00C04F79EFBC}") = "YearZWEI", "Modules\ZWEI\YearZWEI\YearZWEI.csproj", "{8AF90C65-168F-4F22-B41E-E97E9D0A95CE}"
EndProject
Project("{FAE04EC0-301F-11D3-BF4B-00C04F79EFBC}") = "WPFLogicDemo", "Modules\MVVMDemo\WPFLogicDemo\WPFLogicDemo.csproj", "{E938C3B4-8280-404D-AF16-526CB3D778C9}"
EndProject
Project("{FAE04EC0-301F-11D3-BF4B-00C04F79EFBC}") = "WPFCommonLib", "Utility\WPFCommonLib\WPFCommonLib.csproj", "{E9668A86-45C9-43FD-A477-FF7367084DC8}"
EndProject
Global
	GlobalSection(SharedMSBuildProjectFiles) = preSolution
		Utility\IoProtocol\IoProtocol.vcxitems*{04cbcb7b-cb97-405d-a6dd-5048774e56c3}*SharedItemsImports = 4
		Utility\DebugLogOutput\DebugLogOutput.vcxitems*{067b0b22-23d8-4eef-b893-5e30fc02a60b}*SharedItemsImports = 4
		Utility\SharedPipeServer\SharedPipeServer.vcxitems*{067b0b22-23d8-4eef-b893-5e30fc02a60b}*SharedItemsImports = 4
		ShareUtilityLib\ShareUtilityLib.projitems*{276b4412-ef99-4697-90b1-4ad575773723}*SharedItemsImports = 4
		Utility\DebugLogOutput\DebugLogOutput.vcxitems*{4426f97b-389d-4bf2-8abc-151a32dc774a}*SharedItemsImports = 9
		Utility\SharedPipeServer\SharedPipeServer.vcxitems*{45d41acc-2c3c-43d2-bc10-02aa73ffc7c7}*SharedItemsImports = 9
		Utility\ShareUtilityLib\ShareUtilityLib.projitems*{6fca845e-1857-4269-86e5-3604769b687e}*SharedItemsImports = 13
		Utility\IoProtocol\IoProtocol.vcxitems*{9a244334-391e-4288-9b9d-59047b33ac0a}*SharedItemsImports = 4
		Utility\DebugLogOutput\DebugLogOutput.vcxitems*{e1cf2d6b-748e-4333-bff1-cdce0d75d8e3}*SharedItemsImports = 4
	EndGlobalSection
	GlobalSection(SolutionConfigurationPlatforms) = preSolution
		Debug|Any CPU = Debug|Any CPU
		Debug|ARM = Debug|ARM
		Debug|Win32 = Debug|Win32
		Debug|x64 = Debug|x64
		Debug|x86 = Debug|x86
		Release|Any CPU = Release|Any CPU
		Release|ARM = Release|ARM
		Release|Win32 = Release|Win32
		Release|x64 = Release|x64
		Release|x86 = Release|x86
		Setup_Release|Any CPU = Setup_Release|Any CPU
		Setup_Release|ARM = Setup_Release|ARM
		Setup_Release|Win32 = Setup_Release|Win32
		Setup_Release|x64 = Setup_Release|x64
		Setup_Release|x86 = Setup_Release|x86
	EndGlobalSection
	GlobalSection(ProjectConfigurationPlatforms) = postSolution
		{9B4A22B0-3167-46A8-A82E-01F6FB6DF403}.Debug|Any CPU.ActiveCfg = Debug|Win32
		{9B4A22B0-3167-46A8-A82E-01F6FB6DF403}.Debug|ARM.ActiveCfg = Debug|Win32
		{9B4A22B0-3167-46A8-A82E-01F6FB6DF403}.Debug|Win32.ActiveCfg = Debug|Win32
		{9B4A22B0-3167-46A8-A82E-01F6FB6DF403}.Debug|Win32.Build.0 = Debug|Win32
		{9B4A22B0-3167-46A8-A82E-01F6FB6DF403}.Debug|x64.ActiveCfg = Debug|x64
		{9B4A22B0-3167-46A8-A82E-01F6FB6DF403}.Debug|x64.Build.0 = Debug|x64
		{9B4A22B0-3167-46A8-A82E-01F6FB6DF403}.Debug|x86.ActiveCfg = Debug|Win32
		{9B4A22B0-3167-46A8-A82E-01F6FB6DF403}.Debug|x86.Build.0 = Debug|Win32
		{9B4A22B0-3167-46A8-A82E-01F6FB6DF403}.Release|Any CPU.ActiveCfg = Release|Win32
		{9B4A22B0-3167-46A8-A82E-01F6FB6DF403}.Release|ARM.ActiveCfg = Release|Win32
		{9B4A22B0-3167-46A8-A82E-01F6FB6DF403}.Release|Win32.ActiveCfg = Release|Win32
		{9B4A22B0-3167-46A8-A82E-01F6FB6DF403}.Release|Win32.Build.0 = Release|Win32
		{9B4A22B0-3167-46A8-A82E-01F6FB6DF403}.Release|x64.ActiveCfg = Release|x64
		{9B4A22B0-3167-46A8-A82E-01F6FB6DF403}.Release|x64.Build.0 = Release|x64
		{9B4A22B0-3167-46A8-A82E-01F6FB6DF403}.Release|x86.ActiveCfg = Release|Win32
		{9B4A22B0-3167-46A8-A82E-01F6FB6DF403}.Release|x86.Build.0 = Release|Win32
		{9B4A22B0-3167-46A8-A82E-01F6FB6DF403}.Setup_Release|Any CPU.ActiveCfg = Release|x64
		{9B4A22B0-3167-46A8-A82E-01F6FB6DF403}.Setup_Release|Any CPU.Build.0 = Release|x64
		{9B4A22B0-3167-46A8-A82E-01F6FB6DF403}.Setup_Release|ARM.ActiveCfg = Release|x64
		{9B4A22B0-3167-46A8-A82E-01F6FB6DF403}.Setup_Release|ARM.Build.0 = Release|x64
		{9B4A22B0-3167-46A8-A82E-01F6FB6DF403}.Setup_Release|Win32.ActiveCfg = Release|Win32
		{9B4A22B0-3167-46A8-A82E-01F6FB6DF403}.Setup_Release|Win32.Build.0 = Release|Win32
		{9B4A22B0-3167-46A8-A82E-01F6FB6DF403}.Setup_Release|x64.ActiveCfg = Release|x64
		{9B4A22B0-3167-46A8-A82E-01F6FB6DF403}.Setup_Release|x64.Build.0 = Release|x64
		{9B4A22B0-3167-46A8-A82E-01F6FB6DF403}.Setup_Release|x86.ActiveCfg = Release|Win32
		{9B4A22B0-3167-46A8-A82E-01F6FB6DF403}.Setup_Release|x86.Build.0 = Release|Win32
		{11BDA4BA-C0B4-4360-9E96-407022AFA0C2}.Debug|Any CPU.ActiveCfg = Debug|Any CPU
		{11BDA4BA-C0B4-4360-9E96-407022AFA0C2}.Debug|Any CPU.Build.0 = Debug|Any CPU
		{11BDA4BA-C0B4-4360-9E96-407022AFA0C2}.Debug|ARM.ActiveCfg = Debug|Any CPU
		{11BDA4BA-C0B4-4360-9E96-407022AFA0C2}.Debug|ARM.Build.0 = Debug|Any CPU
		{11BDA4BA-C0B4-4360-9E96-407022AFA0C2}.Debug|Win32.ActiveCfg = Debug|x86
		{11BDA4BA-C0B4-4360-9E96-407022AFA0C2}.Debug|Win32.Build.0 = Debug|x86
		{11BDA4BA-C0B4-4360-9E96-407022AFA0C2}.Debug|x64.ActiveCfg = Debug|x64
		{11BDA4BA-C0B4-4360-9E96-407022AFA0C2}.Debug|x64.Build.0 = Debug|x64
		{11BDA4BA-C0B4-4360-9E96-407022AFA0C2}.Debug|x86.ActiveCfg = Debug|x86
		{11BDA4BA-C0B4-4360-9E96-407022AFA0C2}.Debug|x86.Build.0 = Debug|x86
		{11BDA4BA-C0B4-4360-9E96-407022AFA0C2}.Debug|x86.Deploy.0 = Debug|x86
		{11BDA4BA-C0B4-4360-9E96-407022AFA0C2}.Release|Any CPU.ActiveCfg = Release|Any CPU
		{11BDA4BA-C0B4-4360-9E96-407022AFA0C2}.Release|Any CPU.Build.0 = Release|Any CPU
		{11BDA4BA-C0B4-4360-9E96-407022AFA0C2}.Release|ARM.ActiveCfg = Release|Any CPU
		{11BDA4BA-C0B4-4360-9E96-407022AFA0C2}.Release|ARM.Build.0 = Release|Any CPU
		{11BDA4BA-C0B4-4360-9E96-407022AFA0C2}.Release|Win32.ActiveCfg = Release|x86
		{11BDA4BA-C0B4-4360-9E96-407022AFA0C2}.Release|Win32.Build.0 = Release|x86
		{11BDA4BA-C0B4-4360-9E96-407022AFA0C2}.Release|x64.ActiveCfg = Release|x64
		{11BDA4BA-C0B4-4360-9E96-407022AFA0C2}.Release|x64.Build.0 = Release|x64
		{11BDA4BA-C0B4-4360-9E96-407022AFA0C2}.Release|x86.ActiveCfg = Release|x86
		{11BDA4BA-C0B4-4360-9E96-407022AFA0C2}.Release|x86.Build.0 = Release|x86
		{11BDA4BA-C0B4-4360-9E96-407022AFA0C2}.Setup_Release|Any CPU.ActiveCfg = Release|Any CPU
		{11BDA4BA-C0B4-4360-9E96-407022AFA0C2}.Setup_Release|Any CPU.Build.0 = Release|Any CPU
		{11BDA4BA-C0B4-4360-9E96-407022AFA0C2}.Setup_Release|ARM.ActiveCfg = Release|Any CPU
		{11BDA4BA-C0B4-4360-9E96-407022AFA0C2}.Setup_Release|ARM.Build.0 = Release|Any CPU
		{11BDA4BA-C0B4-4360-9E96-407022AFA0C2}.Setup_Release|Win32.ActiveCfg = Release|x86
		{11BDA4BA-C0B4-4360-9E96-407022AFA0C2}.Setup_Release|Win32.Build.0 = Release|x86
		{11BDA4BA-C0B4-4360-9E96-407022AFA0C2}.Setup_Release|x64.ActiveCfg = Release|x64
		{11BDA4BA-C0B4-4360-9E96-407022AFA0C2}.Setup_Release|x64.Build.0 = Release|x64
		{11BDA4BA-C0B4-4360-9E96-407022AFA0C2}.Setup_Release|x86.ActiveCfg = Release|x86
		{11BDA4BA-C0B4-4360-9E96-407022AFA0C2}.Setup_Release|x86.Build.0 = Release|x86
		{276B4412-EF99-4697-90B1-4AD575773723}.Debug|Any CPU.ActiveCfg = Debug|x86
		{276B4412-EF99-4697-90B1-4AD575773723}.Debug|ARM.ActiveCfg = Debug|ARM
		{276B4412-EF99-4697-90B1-4AD575773723}.Debug|ARM.Build.0 = Debug|ARM
		{276B4412-EF99-4697-90B1-4AD575773723}.Debug|ARM.Deploy.0 = Debug|ARM
		{276B4412-EF99-4697-90B1-4AD575773723}.Debug|Win32.ActiveCfg = Debug|x86
		{276B4412-EF99-4697-90B1-4AD575773723}.Debug|Win32.Build.0 = Debug|x86
		{276B4412-EF99-4697-90B1-4AD575773723}.Debug|Win32.Deploy.0 = Debug|x86
		{276B4412-EF99-4697-90B1-4AD575773723}.Debug|x64.ActiveCfg = Debug|x64
		{276B4412-EF99-4697-90B1-4AD575773723}.Debug|x64.Build.0 = Debug|x64
		{276B4412-EF99-4697-90B1-4AD575773723}.Debug|x64.Deploy.0 = Debug|x64
		{276B4412-EF99-4697-90B1-4AD575773723}.Debug|x86.ActiveCfg = Debug|x86
		{276B4412-EF99-4697-90B1-4AD575773723}.Debug|x86.Build.0 = Debug|x86
		{276B4412-EF99-4697-90B1-4AD575773723}.Debug|x86.Deploy.0 = Debug|x86
		{276B4412-EF99-4697-90B1-4AD575773723}.Release|Any CPU.ActiveCfg = Release|x86
		{276B4412-EF99-4697-90B1-4AD575773723}.Release|ARM.ActiveCfg = Release|ARM
		{276B4412-EF99-4697-90B1-4AD575773723}.Release|ARM.Build.0 = Release|ARM
		{276B4412-EF99-4697-90B1-4AD575773723}.Release|ARM.Deploy.0 = Release|ARM
		{276B4412-EF99-4697-90B1-4AD575773723}.Release|Win32.ActiveCfg = Release|x86
		{276B4412-EF99-4697-90B1-4AD575773723}.Release|Win32.Build.0 = Release|x86
		{276B4412-EF99-4697-90B1-4AD575773723}.Release|Win32.Deploy.0 = Release|x86
		{276B4412-EF99-4697-90B1-4AD575773723}.Release|x64.ActiveCfg = Release|x64
		{276B4412-EF99-4697-90B1-4AD575773723}.Release|x64.Build.0 = Release|x64
		{276B4412-EF99-4697-90B1-4AD575773723}.Release|x64.Deploy.0 = Release|x64
		{276B4412-EF99-4697-90B1-4AD575773723}.Release|x86.ActiveCfg = Release|x86
		{276B4412-EF99-4697-90B1-4AD575773723}.Release|x86.Build.0 = Release|x86
		{276B4412-EF99-4697-90B1-4AD575773723}.Release|x86.Deploy.0 = Release|x86
		{276B4412-EF99-4697-90B1-4AD575773723}.Setup_Release|Any CPU.ActiveCfg = Release|x64
		{276B4412-EF99-4697-90B1-4AD575773723}.Setup_Release|Any CPU.Build.0 = Release|x64
		{276B4412-EF99-4697-90B1-4AD575773723}.Setup_Release|Any CPU.Deploy.0 = Release|x64
		{276B4412-EF99-4697-90B1-4AD575773723}.Setup_Release|ARM.ActiveCfg = Release|ARM
		{276B4412-EF99-4697-90B1-4AD575773723}.Setup_Release|ARM.Build.0 = Release|ARM
		{276B4412-EF99-4697-90B1-4AD575773723}.Setup_Release|ARM.Deploy.0 = Release|ARM
		{276B4412-EF99-4697-90B1-4AD575773723}.Setup_Release|Win32.ActiveCfg = Release|x86
		{276B4412-EF99-4697-90B1-4AD575773723}.Setup_Release|Win32.Build.0 = Release|x86
		{276B4412-EF99-4697-90B1-4AD575773723}.Setup_Release|Win32.Deploy.0 = Release|x86
		{276B4412-EF99-4697-90B1-4AD575773723}.Setup_Release|x64.ActiveCfg = Release|x64
		{276B4412-EF99-4697-90B1-4AD575773723}.Setup_Release|x64.Build.0 = Release|x64
		{276B4412-EF99-4697-90B1-4AD575773723}.Setup_Release|x64.Deploy.0 = Release|x64
		{276B4412-EF99-4697-90B1-4AD575773723}.Setup_Release|x86.ActiveCfg = Release|x86
		{276B4412-EF99-4697-90B1-4AD575773723}.Setup_Release|x86.Build.0 = Release|x86
		{276B4412-EF99-4697-90B1-4AD575773723}.Setup_Release|x86.Deploy.0 = Release|x86
		{9540155D-5EF9-49CD-ACB5-F3F9CA658E9A}.Debug|Any CPU.ActiveCfg = Debug|Any CPU
		{9540155D-5EF9-49CD-ACB5-F3F9CA658E9A}.Debug|Any CPU.Build.0 = Debug|Any CPU
		{9540155D-5EF9-49CD-ACB5-F3F9CA658E9A}.Debug|ARM.ActiveCfg = Debug|Any CPU
		{9540155D-5EF9-49CD-ACB5-F3F9CA658E9A}.Debug|ARM.Build.0 = Debug|Any CPU
		{9540155D-5EF9-49CD-ACB5-F3F9CA658E9A}.Debug|Win32.ActiveCfg = Debug|Any CPU
		{9540155D-5EF9-49CD-ACB5-F3F9CA658E9A}.Debug|Win32.Build.0 = Debug|Any CPU
		{9540155D-5EF9-49CD-ACB5-F3F9CA658E9A}.Debug|x64.ActiveCfg = Debug|x64
		{9540155D-5EF9-49CD-ACB5-F3F9CA658E9A}.Debug|x64.Build.0 = Debug|x64
		{9540155D-5EF9-49CD-ACB5-F3F9CA658E9A}.Debug|x86.ActiveCfg = Debug|Any CPU
		{9540155D-5EF9-49CD-ACB5-F3F9CA658E9A}.Debug|x86.Build.0 = Debug|Any CPU
		{9540155D-5EF9-49CD-ACB5-F3F9CA658E9A}.Release|Any CPU.ActiveCfg = Release|Any CPU
		{9540155D-5EF9-49CD-ACB5-F3F9CA658E9A}.Release|Any CPU.Build.0 = Release|Any CPU
		{9540155D-5EF9-49CD-ACB5-F3F9CA658E9A}.Release|ARM.ActiveCfg = Release|Any CPU
		{9540155D-5EF9-49CD-ACB5-F3F9CA658E9A}.Release|ARM.Build.0 = Release|Any CPU
		{9540155D-5EF9-49CD-ACB5-F3F9CA658E9A}.Release|Win32.ActiveCfg = Release|Any CPU
		{9540155D-5EF9-49CD-ACB5-F3F9CA658E9A}.Release|Win32.Build.0 = Release|Any CPU
		{9540155D-5EF9-49CD-ACB5-F3F9CA658E9A}.Release|x64.ActiveCfg = Release|x64
		{9540155D-5EF9-49CD-ACB5-F3F9CA658E9A}.Release|x64.Build.0 = Release|x64
		{9540155D-5EF9-49CD-ACB5-F3F9CA658E9A}.Release|x86.ActiveCfg = Release|Any CPU
		{9540155D-5EF9-49CD-ACB5-F3F9CA658E9A}.Release|x86.Build.0 = Release|Any CPU
		{9540155D-5EF9-49CD-ACB5-F3F9CA658E9A}.Setup_Release|Any CPU.ActiveCfg = Release|Any CPU
		{9540155D-5EF9-49CD-ACB5-F3F9CA658E9A}.Setup_Release|Any CPU.Build.0 = Release|Any CPU
		{9540155D-5EF9-49CD-ACB5-F3F9CA658E9A}.Setup_Release|ARM.ActiveCfg = Release|Any CPU
		{9540155D-5EF9-49CD-ACB5-F3F9CA658E9A}.Setup_Release|ARM.Build.0 = Release|Any CPU
		{9540155D-5EF9-49CD-ACB5-F3F9CA658E9A}.Setup_Release|Win32.ActiveCfg = Release|Any CPU
		{9540155D-5EF9-49CD-ACB5-F3F9CA658E9A}.Setup_Release|Win32.Build.0 = Release|Any CPU
		{9540155D-5EF9-49CD-ACB5-F3F9CA658E9A}.Setup_Release|x64.ActiveCfg = Release|x64
		{9540155D-5EF9-49CD-ACB5-F3F9CA658E9A}.Setup_Release|x64.Build.0 = Release|x64
		{9540155D-5EF9-49CD-ACB5-F3F9CA658E9A}.Setup_Release|x86.ActiveCfg = Release|Any CPU
		{9540155D-5EF9-49CD-ACB5-F3F9CA658E9A}.Setup_Release|x86.Build.0 = Release|Any CPU
		{6B6C92E4-0054-4624-A36A-5AD567263756}.Debug|Any CPU.ActiveCfg = Debug|Any CPU
		{6B6C92E4-0054-4624-A36A-5AD567263756}.Debug|Any CPU.Build.0 = Debug|Any CPU
		{6B6C92E4-0054-4624-A36A-5AD567263756}.Debug|ARM.ActiveCfg = Debug|Any CPU
		{6B6C92E4-0054-4624-A36A-5AD567263756}.Debug|ARM.Build.0 = Debug|Any CPU
		{6B6C92E4-0054-4624-A36A-5AD567263756}.Debug|Win32.ActiveCfg = Debug|Any CPU
		{6B6C92E4-0054-4624-A36A-5AD567263756}.Debug|Win32.Build.0 = Debug|Any CPU
		{6B6C92E4-0054-4624-A36A-5AD567263756}.Debug|x64.ActiveCfg = Debug|x64
		{6B6C92E4-0054-4624-A36A-5AD567263756}.Debug|x64.Build.0 = Debug|x64
		{6B6C92E4-0054-4624-A36A-5AD567263756}.Debug|x86.ActiveCfg = Debug|Any CPU
		{6B6C92E4-0054-4624-A36A-5AD567263756}.Debug|x86.Build.0 = Debug|Any CPU
		{6B6C92E4-0054-4624-A36A-5AD567263756}.Release|Any CPU.ActiveCfg = Release|Any CPU
		{6B6C92E4-0054-4624-A36A-5AD567263756}.Release|Any CPU.Build.0 = Release|Any CPU
		{6B6C92E4-0054-4624-A36A-5AD567263756}.Release|ARM.ActiveCfg = Release|Any CPU
		{6B6C92E4-0054-4624-A36A-5AD567263756}.Release|ARM.Build.0 = Release|Any CPU
		{6B6C92E4-0054-4624-A36A-5AD567263756}.Release|Win32.ActiveCfg = Release|Any CPU
		{6B6C92E4-0054-4624-A36A-5AD567263756}.Release|Win32.Build.0 = Release|Any CPU
		{6B6C92E4-0054-4624-A36A-5AD567263756}.Release|x64.ActiveCfg = Release|x64
		{6B6C92E4-0054-4624-A36A-5AD567263756}.Release|x64.Build.0 = Release|x64
		{6B6C92E4-0054-4624-A36A-5AD567263756}.Release|x86.ActiveCfg = Release|Any CPU
		{6B6C92E4-0054-4624-A36A-5AD567263756}.Release|x86.Build.0 = Release|Any CPU
		{6B6C92E4-0054-4624-A36A-5AD567263756}.Setup_Release|Any CPU.ActiveCfg = Release|Any CPU
		{6B6C92E4-0054-4624-A36A-5AD567263756}.Setup_Release|Any CPU.Build.0 = Release|Any CPU
		{6B6C92E4-0054-4624-A36A-5AD567263756}.Setup_Release|ARM.ActiveCfg = Release|Any CPU
		{6B6C92E4-0054-4624-A36A-5AD567263756}.Setup_Release|ARM.Build.0 = Release|Any CPU
		{6B6C92E4-0054-4624-A36A-5AD567263756}.Setup_Release|Win32.ActiveCfg = Release|Any CPU
		{6B6C92E4-0054-4624-A36A-5AD567263756}.Setup_Release|Win32.Build.0 = Release|Any CPU
		{6B6C92E4-0054-4624-A36A-5AD567263756}.Setup_Release|x64.ActiveCfg = Release|x64
		{6B6C92E4-0054-4624-A36A-5AD567263756}.Setup_Release|x64.Build.0 = Release|x64
		{6B6C92E4-0054-4624-A36A-5AD567263756}.Setup_Release|x86.ActiveCfg = Release|Any CPU
		{6B6C92E4-0054-4624-A36A-5AD567263756}.Setup_Release|x86.Build.0 = Release|Any CPU
		{E31D692F-431B-42A5-8621-898BCE275FE6}.Debug|Any CPU.ActiveCfg = Debug|Any CPU
		{E31D692F-431B-42A5-8621-898BCE275FE6}.Debug|Any CPU.Build.0 = Debug|Any CPU
		{E31D692F-431B-42A5-8621-898BCE275FE6}.Debug|ARM.ActiveCfg = Debug|Any CPU
		{E31D692F-431B-42A5-8621-898BCE275FE6}.Debug|ARM.Build.0 = Debug|Any CPU
		{E31D692F-431B-42A5-8621-898BCE275FE6}.Debug|Win32.ActiveCfg = Debug|Any CPU
		{E31D692F-431B-42A5-8621-898BCE275FE6}.Debug|Win32.Build.0 = Debug|Any CPU
		{E31D692F-431B-42A5-8621-898BCE275FE6}.Debug|x64.ActiveCfg = Debug|x64
		{E31D692F-431B-42A5-8621-898BCE275FE6}.Debug|x64.Build.0 = Debug|x64
		{E31D692F-431B-42A5-8621-898BCE275FE6}.Debug|x86.ActiveCfg = Debug|Any CPU
		{E31D692F-431B-42A5-8621-898BCE275FE6}.Debug|x86.Build.0 = Debug|Any CPU
		{E31D692F-431B-42A5-8621-898BCE275FE6}.Release|Any CPU.ActiveCfg = Release|Any CPU
		{E31D692F-431B-42A5-8621-898BCE275FE6}.Release|Any CPU.Build.0 = Release|Any CPU
		{E31D692F-431B-42A5-8621-898BCE275FE6}.Release|ARM.ActiveCfg = Release|Any CPU
		{E31D692F-431B-42A5-8621-898BCE275FE6}.Release|ARM.Build.0 = Release|Any CPU
		{E31D692F-431B-42A5-8621-898BCE275FE6}.Release|Win32.ActiveCfg = Release|Any CPU
		{E31D692F-431B-42A5-8621-898BCE275FE6}.Release|Win32.Build.0 = Release|Any CPU
		{E31D692F-431B-42A5-8621-898BCE275FE6}.Release|x64.ActiveCfg = Release|x64
		{E31D692F-431B-42A5-8621-898BCE275FE6}.Release|x64.Build.0 = Release|x64
		{E31D692F-431B-42A5-8621-898BCE275FE6}.Release|x86.ActiveCfg = Release|Any CPU
		{E31D692F-431B-42A5-8621-898BCE275FE6}.Release|x86.Build.0 = Release|Any CPU
		{E31D692F-431B-42A5-8621-898BCE275FE6}.Setup_Release|Any CPU.ActiveCfg = Release|Any CPU
		{E31D692F-431B-42A5-8621-898BCE275FE6}.Setup_Release|Any CPU.Build.0 = Release|Any CPU
		{E31D692F-431B-42A5-8621-898BCE275FE6}.Setup_Release|ARM.ActiveCfg = Release|Any CPU
		{E31D692F-431B-42A5-8621-898BCE275FE6}.Setup_Release|ARM.Build.0 = Release|Any CPU
		{E31D692F-431B-42A5-8621-898BCE275FE6}.Setup_Release|Win32.ActiveCfg = Release|Any CPU
		{E31D692F-431B-42A5-8621-898BCE275FE6}.Setup_Release|Win32.Build.0 = Release|Any CPU
		{E31D692F-431B-42A5-8621-898BCE275FE6}.Setup_Release|x64.ActiveCfg = Release|x64
		{E31D692F-431B-42A5-8621-898BCE275FE6}.Setup_Release|x64.Build.0 = Release|x64
		{E31D692F-431B-42A5-8621-898BCE275FE6}.Setup_Release|x86.ActiveCfg = Release|Any CPU
		{E31D692F-431B-42A5-8621-898BCE275FE6}.Setup_Release|x86.Build.0 = Release|Any CPU
		{DBEBD3F1-85B3-4D9C-B846-C25B511A156A}.Debug|Any CPU.ActiveCfg = Debug|Any CPU
		{DBEBD3F1-85B3-4D9C-B846-C25B511A156A}.Debug|Any CPU.Build.0 = Debug|Any CPU
		{DBEBD3F1-85B3-4D9C-B846-C25B511A156A}.Debug|ARM.ActiveCfg = Debug|Any CPU
		{DBEBD3F1-85B3-4D9C-B846-C25B511A156A}.Debug|ARM.Build.0 = Debug|Any CPU
		{DBEBD3F1-85B3-4D9C-B846-C25B511A156A}.Debug|Win32.ActiveCfg = Debug|x86
		{DBEBD3F1-85B3-4D9C-B846-C25B511A156A}.Debug|Win32.Build.0 = Debug|x86
		{DBEBD3F1-85B3-4D9C-B846-C25B511A156A}.Debug|x64.ActiveCfg = Debug|x64
		{DBEBD3F1-85B3-4D9C-B846-C25B511A156A}.Debug|x64.Build.0 = Debug|x64
		{DBEBD3F1-85B3-4D9C-B846-C25B511A156A}.Debug|x86.ActiveCfg = Debug|x86
		{DBEBD3F1-85B3-4D9C-B846-C25B511A156A}.Debug|x86.Build.0 = Debug|x86
		{DBEBD3F1-85B3-4D9C-B846-C25B511A156A}.Release|Any CPU.ActiveCfg = Release|Any CPU
		{DBEBD3F1-85B3-4D9C-B846-C25B511A156A}.Release|Any CPU.Build.0 = Release|Any CPU
		{DBEBD3F1-85B3-4D9C-B846-C25B511A156A}.Release|ARM.ActiveCfg = Release|Any CPU
		{DBEBD3F1-85B3-4D9C-B846-C25B511A156A}.Release|ARM.Build.0 = Release|Any CPU
		{DBEBD3F1-85B3-4D9C-B846-C25B511A156A}.Release|Win32.ActiveCfg = Release|x86
		{DBEBD3F1-85B3-4D9C-B846-C25B511A156A}.Release|Win32.Build.0 = Release|x86
		{DBEBD3F1-85B3-4D9C-B846-C25B511A156A}.Release|x64.ActiveCfg = Release|x64
		{DBEBD3F1-85B3-4D9C-B846-C25B511A156A}.Release|x64.Build.0 = Release|x64
		{DBEBD3F1-85B3-4D9C-B846-C25B511A156A}.Release|x86.ActiveCfg = Release|x86
		{DBEBD3F1-85B3-4D9C-B846-C25B511A156A}.Release|x86.Build.0 = Release|x86
		{DBEBD3F1-85B3-4D9C-B846-C25B511A156A}.Setup_Release|Any CPU.ActiveCfg = Release|Any CPU
		{DBEBD3F1-85B3-4D9C-B846-C25B511A156A}.Setup_Release|Any CPU.Build.0 = Release|Any CPU
		{DBEBD3F1-85B3-4D9C-B846-C25B511A156A}.Setup_Release|ARM.ActiveCfg = Release|Any CPU
		{DBEBD3F1-85B3-4D9C-B846-C25B511A156A}.Setup_Release|ARM.Build.0 = Release|Any CPU
		{DBEBD3F1-85B3-4D9C-B846-C25B511A156A}.Setup_Release|Win32.ActiveCfg = Release|x86
		{DBEBD3F1-85B3-4D9C-B846-C25B511A156A}.Setup_Release|Win32.Build.0 = Release|x86
		{DBEBD3F1-85B3-4D9C-B846-C25B511A156A}.Setup_Release|x64.ActiveCfg = Release|x64
		{DBEBD3F1-85B3-4D9C-B846-C25B511A156A}.Setup_Release|x64.Build.0 = Release|x64
		{DBEBD3F1-85B3-4D9C-B846-C25B511A156A}.Setup_Release|x86.ActiveCfg = Release|x86
		{DBEBD3F1-85B3-4D9C-B846-C25B511A156A}.Setup_Release|x86.Build.0 = Release|x86
		{9B9B2621-6DAC-4D1E-A2BC-E9DC5F6874AF}.Debug|Any CPU.ActiveCfg = Debug|Any CPU
		{9B9B2621-6DAC-4D1E-A2BC-E9DC5F6874AF}.Debug|Any CPU.Build.0 = Debug|Any CPU
		{9B9B2621-6DAC-4D1E-A2BC-E9DC5F6874AF}.Debug|ARM.ActiveCfg = Debug|Any CPU
		{9B9B2621-6DAC-4D1E-A2BC-E9DC5F6874AF}.Debug|ARM.Build.0 = Debug|Any CPU
		{9B9B2621-6DAC-4D1E-A2BC-E9DC5F6874AF}.Debug|Win32.ActiveCfg = Debug|Any CPU
		{9B9B2621-6DAC-4D1E-A2BC-E9DC5F6874AF}.Debug|Win32.Build.0 = Debug|Any CPU
		{9B9B2621-6DAC-4D1E-A2BC-E9DC5F6874AF}.Debug|x64.ActiveCfg = Debug|x64
		{9B9B2621-6DAC-4D1E-A2BC-E9DC5F6874AF}.Debug|x64.Build.0 = Debug|x64
		{9B9B2621-6DAC-4D1E-A2BC-E9DC5F6874AF}.Debug|x86.ActiveCfg = Debug|Any CPU
		{9B9B2621-6DAC-4D1E-A2BC-E9DC5F6874AF}.Debug|x86.Build.0 = Debug|Any CPU
		{9B9B2621-6DAC-4D1E-A2BC-E9DC5F6874AF}.Release|Any CPU.ActiveCfg = Release|Any CPU
		{9B9B2621-6DAC-4D1E-A2BC-E9DC5F6874AF}.Release|Any CPU.Build.0 = Release|Any CPU
		{9B9B2621-6DAC-4D1E-A2BC-E9DC5F6874AF}.Release|ARM.ActiveCfg = Release|Any CPU
		{9B9B2621-6DAC-4D1E-A2BC-E9DC5F6874AF}.Release|ARM.Build.0 = Release|Any CPU
		{9B9B2621-6DAC-4D1E-A2BC-E9DC5F6874AF}.Release|Win32.ActiveCfg = Release|Any CPU
		{9B9B2621-6DAC-4D1E-A2BC-E9DC5F6874AF}.Release|Win32.Build.0 = Release|Any CPU
		{9B9B2621-6DAC-4D1E-A2BC-E9DC5F6874AF}.Release|x64.ActiveCfg = Release|x64
		{9B9B2621-6DAC-4D1E-A2BC-E9DC5F6874AF}.Release|x64.Build.0 = Release|x64
		{9B9B2621-6DAC-4D1E-A2BC-E9DC5F6874AF}.Release|x86.ActiveCfg = Release|Any CPU
		{9B9B2621-6DAC-4D1E-A2BC-E9DC5F6874AF}.Release|x86.Build.0 = Release|Any CPU
		{9B9B2621-6DAC-4D1E-A2BC-E9DC5F6874AF}.Setup_Release|Any CPU.ActiveCfg = Release|Any CPU
		{9B9B2621-6DAC-4D1E-A2BC-E9DC5F6874AF}.Setup_Release|Any CPU.Build.0 = Release|Any CPU
		{9B9B2621-6DAC-4D1E-A2BC-E9DC5F6874AF}.Setup_Release|ARM.ActiveCfg = Release|Any CPU
		{9B9B2621-6DAC-4D1E-A2BC-E9DC5F6874AF}.Setup_Release|ARM.Build.0 = Release|Any CPU
		{9B9B2621-6DAC-4D1E-A2BC-E9DC5F6874AF}.Setup_Release|Win32.ActiveCfg = Release|Any CPU
		{9B9B2621-6DAC-4D1E-A2BC-E9DC5F6874AF}.Setup_Release|Win32.Build.0 = Release|Any CPU
		{9B9B2621-6DAC-4D1E-A2BC-E9DC5F6874AF}.Setup_Release|x64.ActiveCfg = Release|x64
		{9B9B2621-6DAC-4D1E-A2BC-E9DC5F6874AF}.Setup_Release|x64.Build.0 = Release|x64
		{9B9B2621-6DAC-4D1E-A2BC-E9DC5F6874AF}.Setup_Release|x86.ActiveCfg = Release|Any CPU
		{9B9B2621-6DAC-4D1E-A2BC-E9DC5F6874AF}.Setup_Release|x86.Build.0 = Release|Any CPU
		{5857C378-E660-48F9-886F-E0778B78C036}.Debug|Any CPU.ActiveCfg = Debug|Any CPU
		{5857C378-E660-48F9-886F-E0778B78C036}.Debug|Any CPU.Build.0 = Debug|Any CPU
		{5857C378-E660-48F9-886F-E0778B78C036}.Debug|ARM.ActiveCfg = Debug|Any CPU
		{5857C378-E660-48F9-886F-E0778B78C036}.Debug|ARM.Build.0 = Debug|Any CPU
		{5857C378-E660-48F9-886F-E0778B78C036}.Debug|Win32.ActiveCfg = Debug|x86
		{5857C378-E660-48F9-886F-E0778B78C036}.Debug|Win32.Build.0 = Debug|x86
		{5857C378-E660-48F9-886F-E0778B78C036}.Debug|x64.ActiveCfg = Debug|x64
		{5857C378-E660-48F9-886F-E0778B78C036}.Debug|x64.Build.0 = Debug|x64
		{5857C378-E660-48F9-886F-E0778B78C036}.Debug|x86.ActiveCfg = Debug|x86
		{5857C378-E660-48F9-886F-E0778B78C036}.Debug|x86.Build.0 = Debug|x86
		{5857C378-E660-48F9-886F-E0778B78C036}.Release|Any CPU.ActiveCfg = Release|Any CPU
		{5857C378-E660-48F9-886F-E0778B78C036}.Release|Any CPU.Build.0 = Release|Any CPU
		{5857C378-E660-48F9-886F-E0778B78C036}.Release|ARM.ActiveCfg = Release|Any CPU
		{5857C378-E660-48F9-886F-E0778B78C036}.Release|ARM.Build.0 = Release|Any CPU
		{5857C378-E660-48F9-886F-E0778B78C036}.Release|Win32.ActiveCfg = Release|x86
		{5857C378-E660-48F9-886F-E0778B78C036}.Release|Win32.Build.0 = Release|x86
		{5857C378-E660-48F9-886F-E0778B78C036}.Release|x64.ActiveCfg = Release|x64
		{5857C378-E660-48F9-886F-E0778B78C036}.Release|x64.Build.0 = Release|x64
		{5857C378-E660-48F9-886F-E0778B78C036}.Release|x86.ActiveCfg = Release|x86
		{5857C378-E660-48F9-886F-E0778B78C036}.Release|x86.Build.0 = Release|x86
		{5857C378-E660-48F9-886F-E0778B78C036}.Setup_Release|Any CPU.ActiveCfg = Release|Any CPU
		{5857C378-E660-48F9-886F-E0778B78C036}.Setup_Release|Any CPU.Build.0 = Release|Any CPU
		{5857C378-E660-48F9-886F-E0778B78C036}.Setup_Release|ARM.ActiveCfg = Release|Any CPU
		{5857C378-E660-48F9-886F-E0778B78C036}.Setup_Release|ARM.Build.0 = Release|Any CPU
		{5857C378-E660-48F9-886F-E0778B78C036}.Setup_Release|Win32.ActiveCfg = Release|x86
		{5857C378-E660-48F9-886F-E0778B78C036}.Setup_Release|Win32.Build.0 = Release|x86
		{5857C378-E660-48F9-886F-E0778B78C036}.Setup_Release|x64.ActiveCfg = Release|x64
		{5857C378-E660-48F9-886F-E0778B78C036}.Setup_Release|x64.Build.0 = Release|x64
		{5857C378-E660-48F9-886F-E0778B78C036}.Setup_Release|x86.ActiveCfg = Release|x86
		{5857C378-E660-48F9-886F-E0778B78C036}.Setup_Release|x86.Build.0 = Release|x86
		{E1CF2D6B-748E-4333-BFF1-CDCE0D75D8E3}.Debug|Any CPU.ActiveCfg = Debug|Win32
		{E1CF2D6B-748E-4333-BFF1-CDCE0D75D8E3}.Debug|ARM.ActiveCfg = Debug|Win32
		{E1CF2D6B-748E-4333-BFF1-CDCE0D75D8E3}.Debug|Win32.ActiveCfg = Debug|Win32
		{E1CF2D6B-748E-4333-BFF1-CDCE0D75D8E3}.Debug|Win32.Build.0 = Debug|Win32
		{E1CF2D6B-748E-4333-BFF1-CDCE0D75D8E3}.Debug|x64.ActiveCfg = Debug|x64
		{E1CF2D6B-748E-4333-BFF1-CDCE0D75D8E3}.Debug|x64.Build.0 = Debug|x64
		{E1CF2D6B-748E-4333-BFF1-CDCE0D75D8E3}.Debug|x86.ActiveCfg = Debug|Win32
		{E1CF2D6B-748E-4333-BFF1-CDCE0D75D8E3}.Debug|x86.Build.0 = Debug|Win32
		{E1CF2D6B-748E-4333-BFF1-CDCE0D75D8E3}.Release|Any CPU.ActiveCfg = Release|Win32
		{E1CF2D6B-748E-4333-BFF1-CDCE0D75D8E3}.Release|ARM.ActiveCfg = Release|Win32
		{E1CF2D6B-748E-4333-BFF1-CDCE0D75D8E3}.Release|Win32.ActiveCfg = Release|Win32
		{E1CF2D6B-748E-4333-BFF1-CDCE0D75D8E3}.Release|Win32.Build.0 = Release|Win32
		{E1CF2D6B-748E-4333-BFF1-CDCE0D75D8E3}.Release|x64.ActiveCfg = Release|x64
		{E1CF2D6B-748E-4333-BFF1-CDCE0D75D8E3}.Release|x64.Build.0 = Release|x64
		{E1CF2D6B-748E-4333-BFF1-CDCE0D75D8E3}.Release|x86.ActiveCfg = Release|Win32
		{E1CF2D6B-748E-4333-BFF1-CDCE0D75D8E3}.Release|x86.Build.0 = Release|Win32
		{E1CF2D6B-748E-4333-BFF1-CDCE0D75D8E3}.Setup_Release|Any CPU.ActiveCfg = Release|x64
		{E1CF2D6B-748E-4333-BFF1-CDCE0D75D8E3}.Setup_Release|Any CPU.Build.0 = Release|x64
		{E1CF2D6B-748E-4333-BFF1-CDCE0D75D8E3}.Setup_Release|ARM.ActiveCfg = Release|x64
		{E1CF2D6B-748E-4333-BFF1-CDCE0D75D8E3}.Setup_Release|ARM.Build.0 = Release|x64
		{E1CF2D6B-748E-4333-BFF1-CDCE0D75D8E3}.Setup_Release|Win32.ActiveCfg = Release|Win32
		{E1CF2D6B-748E-4333-BFF1-CDCE0D75D8E3}.Setup_Release|Win32.Build.0 = Release|Win32
		{E1CF2D6B-748E-4333-BFF1-CDCE0D75D8E3}.Setup_Release|x64.ActiveCfg = Release|x64
		{E1CF2D6B-748E-4333-BFF1-CDCE0D75D8E3}.Setup_Release|x64.Build.0 = Release|x64
		{E1CF2D6B-748E-4333-BFF1-CDCE0D75D8E3}.Setup_Release|x86.ActiveCfg = Release|Win32
		{E1CF2D6B-748E-4333-BFF1-CDCE0D75D8E3}.Setup_Release|x86.Build.0 = Release|Win32
		{04CBCB7B-CB97-405D-A6DD-5048774E56C3}.Debug|Any CPU.ActiveCfg = Debug|Win32
		{04CBCB7B-CB97-405D-A6DD-5048774E56C3}.Debug|ARM.ActiveCfg = Debug|Win32
		{04CBCB7B-CB97-405D-A6DD-5048774E56C3}.Debug|Win32.ActiveCfg = Debug|Win32
		{04CBCB7B-CB97-405D-A6DD-5048774E56C3}.Debug|Win32.Build.0 = Debug|Win32
		{04CBCB7B-CB97-405D-A6DD-5048774E56C3}.Debug|x64.ActiveCfg = Debug|x64
		{04CBCB7B-CB97-405D-A6DD-5048774E56C3}.Debug|x64.Build.0 = Debug|x64
		{04CBCB7B-CB97-405D-A6DD-5048774E56C3}.Debug|x86.ActiveCfg = Debug|Win32
		{04CBCB7B-CB97-405D-A6DD-5048774E56C3}.Debug|x86.Build.0 = Debug|Win32
		{04CBCB7B-CB97-405D-A6DD-5048774E56C3}.Release|Any CPU.ActiveCfg = Release|Win32
		{04CBCB7B-CB97-405D-A6DD-5048774E56C3}.Release|ARM.ActiveCfg = Release|Win32
		{04CBCB7B-CB97-405D-A6DD-5048774E56C3}.Release|Win32.ActiveCfg = Release|Win32
		{04CBCB7B-CB97-405D-A6DD-5048774E56C3}.Release|Win32.Build.0 = Release|Win32
		{04CBCB7B-CB97-405D-A6DD-5048774E56C3}.Release|x64.ActiveCfg = Release|x64
		{04CBCB7B-CB97-405D-A6DD-5048774E56C3}.Release|x64.Build.0 = Release|x64
		{04CBCB7B-CB97-405D-A6DD-5048774E56C3}.Release|x86.ActiveCfg = Release|Win32
		{04CBCB7B-CB97-405D-A6DD-5048774E56C3}.Release|x86.Build.0 = Release|Win32
		{04CBCB7B-CB97-405D-A6DD-5048774E56C3}.Setup_Release|Any CPU.ActiveCfg = Setup_Release|Win32
		{04CBCB7B-CB97-405D-A6DD-5048774E56C3}.Setup_Release|ARM.ActiveCfg = Setup_Release|Win32
		{04CBCB7B-CB97-405D-A6DD-5048774E56C3}.Setup_Release|Win32.ActiveCfg = Setup_Release|Win32
		{04CBCB7B-CB97-405D-A6DD-5048774E56C3}.Setup_Release|Win32.Build.0 = Setup_Release|Win32
		{04CBCB7B-CB97-405D-A6DD-5048774E56C3}.Setup_Release|x64.ActiveCfg = Setup_Release|x64
		{04CBCB7B-CB97-405D-A6DD-5048774E56C3}.Setup_Release|x64.Build.0 = Setup_Release|x64
		{04CBCB7B-CB97-405D-A6DD-5048774E56C3}.Setup_Release|x86.ActiveCfg = Setup_Release|Win32
		{04CBCB7B-CB97-405D-A6DD-5048774E56C3}.Setup_Release|x86.Build.0 = Setup_Release|Win32
		{9A244334-391E-4288-9B9D-59047B33AC0A}.Debug|Any CPU.ActiveCfg = Debug|Win32
		{9A244334-391E-4288-9B9D-59047B33AC0A}.Debug|ARM.ActiveCfg = Debug|Win32
		{9A244334-391E-4288-9B9D-59047B33AC0A}.Debug|Win32.ActiveCfg = Debug|Win32
		{9A244334-391E-4288-9B9D-59047B33AC0A}.Debug|Win32.Build.0 = Debug|Win32
		{9A244334-391E-4288-9B9D-59047B33AC0A}.Debug|x64.ActiveCfg = Debug|x64
		{9A244334-391E-4288-9B9D-59047B33AC0A}.Debug|x64.Build.0 = Debug|x64
		{9A244334-391E-4288-9B9D-59047B33AC0A}.Debug|x86.ActiveCfg = Debug|Win32
		{9A244334-391E-4288-9B9D-59047B33AC0A}.Debug|x86.Build.0 = Debug|Win32
		{9A244334-391E-4288-9B9D-59047B33AC0A}.Release|Any CPU.ActiveCfg = Release|Win32
		{9A244334-391E-4288-9B9D-59047B33AC0A}.Release|ARM.ActiveCfg = Release|Win32
		{9A244334-391E-4288-9B9D-59047B33AC0A}.Release|Win32.ActiveCfg = Release|Win32
		{9A244334-391E-4288-9B9D-59047B33AC0A}.Release|Win32.Build.0 = Release|Win32
		{9A244334-391E-4288-9B9D-59047B33AC0A}.Release|x64.ActiveCfg = Release|x64
		{9A244334-391E-4288-9B9D-59047B33AC0A}.Release|x64.Build.0 = Release|x64
		{9A244334-391E-4288-9B9D-59047B33AC0A}.Release|x86.ActiveCfg = Release|Win32
		{9A244334-391E-4288-9B9D-59047B33AC0A}.Release|x86.Build.0 = Release|Win32
		{9A244334-391E-4288-9B9D-59047B33AC0A}.Setup_Release|Any CPU.ActiveCfg = Setup_Release|Win32
		{9A244334-391E-4288-9B9D-59047B33AC0A}.Setup_Release|ARM.ActiveCfg = Setup_Release|Win32
		{9A244334-391E-4288-9B9D-59047B33AC0A}.Setup_Release|Win32.ActiveCfg = Setup_Release|Win32
		{9A244334-391E-4288-9B9D-59047B33AC0A}.Setup_Release|Win32.Build.0 = Setup_Release|Win32
		{9A244334-391E-4288-9B9D-59047B33AC0A}.Setup_Release|x64.ActiveCfg = Setup_Release|x64
		{9A244334-391E-4288-9B9D-59047B33AC0A}.Setup_Release|x64.Build.0 = Setup_Release|x64
		{9A244334-391E-4288-9B9D-59047B33AC0A}.Setup_Release|x86.ActiveCfg = Setup_Release|Win32
		{9A244334-391E-4288-9B9D-59047B33AC0A}.Setup_Release|x86.Build.0 = Setup_Release|Win32
		{067B0B22-23D8-4EEF-B893-5E30FC02A60B}.Debug|Any CPU.ActiveCfg = Debug|Win32
		{067B0B22-23D8-4EEF-B893-5E30FC02A60B}.Debug|ARM.ActiveCfg = Debug|Win32
		{067B0B22-23D8-4EEF-B893-5E30FC02A60B}.Debug|Win32.ActiveCfg = Debug|Win32
		{067B0B22-23D8-4EEF-B893-5E30FC02A60B}.Debug|Win32.Build.0 = Debug|Win32
		{067B0B22-23D8-4EEF-B893-5E30FC02A60B}.Debug|x64.ActiveCfg = Debug|x64
		{067B0B22-23D8-4EEF-B893-5E30FC02A60B}.Debug|x64.Build.0 = Debug|x64
		{067B0B22-23D8-4EEF-B893-5E30FC02A60B}.Debug|x86.ActiveCfg = Debug|Win32
		{067B0B22-23D8-4EEF-B893-5E30FC02A60B}.Debug|x86.Build.0 = Debug|Win32
		{067B0B22-23D8-4EEF-B893-5E30FC02A60B}.Release|Any CPU.ActiveCfg = Release|Win32
		{067B0B22-23D8-4EEF-B893-5E30FC02A60B}.Release|ARM.ActiveCfg = Release|Win32
		{067B0B22-23D8-4EEF-B893-5E30FC02A60B}.Release|Win32.ActiveCfg = Release|Win32
		{067B0B22-23D8-4EEF-B893-5E30FC02A60B}.Release|Win32.Build.0 = Release|Win32
		{067B0B22-23D8-4EEF-B893-5E30FC02A60B}.Release|x64.ActiveCfg = Release|x64
		{067B0B22-23D8-4EEF-B893-5E30FC02A60B}.Release|x64.Build.0 = Release|x64
		{067B0B22-23D8-4EEF-B893-5E30FC02A60B}.Release|x86.ActiveCfg = Release|Win32
		{067B0B22-23D8-4EEF-B893-5E30FC02A60B}.Release|x86.Build.0 = Release|Win32
		{067B0B22-23D8-4EEF-B893-5E30FC02A60B}.Setup_Release|Any CPU.ActiveCfg = Release|x64
		{067B0B22-23D8-4EEF-B893-5E30FC02A60B}.Setup_Release|Any CPU.Build.0 = Release|x64
		{067B0B22-23D8-4EEF-B893-5E30FC02A60B}.Setup_Release|ARM.ActiveCfg = Release|x64
		{067B0B22-23D8-4EEF-B893-5E30FC02A60B}.Setup_Release|ARM.Build.0 = Release|x64
		{067B0B22-23D8-4EEF-B893-5E30FC02A60B}.Setup_Release|Win32.ActiveCfg = Release|Win32
		{067B0B22-23D8-4EEF-B893-5E30FC02A60B}.Setup_Release|Win32.Build.0 = Release|Win32
		{067B0B22-23D8-4EEF-B893-5E30FC02A60B}.Setup_Release|x64.ActiveCfg = Release|x64
		{067B0B22-23D8-4EEF-B893-5E30FC02A60B}.Setup_Release|x64.Build.0 = Release|x64
		{067B0B22-23D8-4EEF-B893-5E30FC02A60B}.Setup_Release|x86.ActiveCfg = Release|Win32
		{067B0B22-23D8-4EEF-B893-5E30FC02A60B}.Setup_Release|x86.Build.0 = Release|Win32
		{04FA3862-E17A-49F2-8C10-5F84E9084350}.Debug|Any CPU.ActiveCfg = Debug|Any CPU
		{04FA3862-E17A-49F2-8C10-5F84E9084350}.Debug|Any CPU.Build.0 = Debug|Any CPU
		{04FA3862-E17A-49F2-8C10-5F84E9084350}.Debug|ARM.ActiveCfg = Debug|Any CPU
		{04FA3862-E17A-49F2-8C10-5F84E9084350}.Debug|ARM.Build.0 = Debug|Any CPU
		{04FA3862-E17A-49F2-8C10-5F84E9084350}.Debug|Win32.ActiveCfg = Debug|x86
		{04FA3862-E17A-49F2-8C10-5F84E9084350}.Debug|Win32.Build.0 = Debug|x86
		{04FA3862-E17A-49F2-8C10-5F84E9084350}.Debug|x64.ActiveCfg = Debug|x64
		{04FA3862-E17A-49F2-8C10-5F84E9084350}.Debug|x64.Build.0 = Debug|x64
		{04FA3862-E17A-49F2-8C10-5F84E9084350}.Debug|x86.ActiveCfg = Debug|x86
		{04FA3862-E17A-49F2-8C10-5F84E9084350}.Debug|x86.Build.0 = Debug|x86
		{04FA3862-E17A-49F2-8C10-5F84E9084350}.Release|Any CPU.ActiveCfg = Release|Any CPU
		{04FA3862-E17A-49F2-8C10-5F84E9084350}.Release|Any CPU.Build.0 = Release|Any CPU
		{04FA3862-E17A-49F2-8C10-5F84E9084350}.Release|ARM.ActiveCfg = Release|Any CPU
		{04FA3862-E17A-49F2-8C10-5F84E9084350}.Release|ARM.Build.0 = Release|Any CPU
		{04FA3862-E17A-49F2-8C10-5F84E9084350}.Release|Win32.ActiveCfg = Release|x86
		{04FA3862-E17A-49F2-8C10-5F84E9084350}.Release|Win32.Build.0 = Release|x86
		{04FA3862-E17A-49F2-8C10-5F84E9084350}.Release|x64.ActiveCfg = Release|x64
		{04FA3862-E17A-49F2-8C10-5F84E9084350}.Release|x64.Build.0 = Release|x64
		{04FA3862-E17A-49F2-8C10-5F84E9084350}.Release|x86.ActiveCfg = Release|x86
		{04FA3862-E17A-49F2-8C10-5F84E9084350}.Release|x86.Build.0 = Release|x86
		{04FA3862-E17A-49F2-8C10-5F84E9084350}.Setup_Release|Any CPU.ActiveCfg = Release|Any CPU
		{04FA3862-E17A-49F2-8C10-5F84E9084350}.Setup_Release|Any CPU.Build.0 = Release|Any CPU
		{04FA3862-E17A-49F2-8C10-5F84E9084350}.Setup_Release|ARM.ActiveCfg = Release|Any CPU
		{04FA3862-E17A-49F2-8C10-5F84E9084350}.Setup_Release|ARM.Build.0 = Release|Any CPU
		{04FA3862-E17A-49F2-8C10-5F84E9084350}.Setup_Release|Win32.ActiveCfg = Release|x86
		{04FA3862-E17A-49F2-8C10-5F84E9084350}.Setup_Release|Win32.Build.0 = Release|x86
		{04FA3862-E17A-49F2-8C10-5F84E9084350}.Setup_Release|x64.ActiveCfg = Release|x64
		{04FA3862-E17A-49F2-8C10-5F84E9084350}.Setup_Release|x64.Build.0 = Release|x64
		{04FA3862-E17A-49F2-8C10-5F84E9084350}.Setup_Release|x86.ActiveCfg = Release|x86
		{04FA3862-E17A-49F2-8C10-5F84E9084350}.Setup_Release|x86.Build.0 = Release|x86
		{8AF90C65-168F-4F22-B41E-E97E9D0A95CE}.Debug|Any CPU.ActiveCfg = Debug|Any CPU
		{8AF90C65-168F-4F22-B41E-E97E9D0A95CE}.Debug|Any CPU.Build.0 = Debug|Any CPU
		{8AF90C65-168F-4F22-B41E-E97E9D0A95CE}.Debug|ARM.ActiveCfg = Debug|Any CPU
		{8AF90C65-168F-4F22-B41E-E97E9D0A95CE}.Debug|ARM.Build.0 = Debug|Any CPU
		{8AF90C65-168F-4F22-B41E-E97E9D0A95CE}.Debug|Win32.ActiveCfg = Debug|Any CPU
		{8AF90C65-168F-4F22-B41E-E97E9D0A95CE}.Debug|Win32.Build.0 = Debug|Any CPU
		{8AF90C65-168F-4F22-B41E-E97E9D0A95CE}.Debug|x64.ActiveCfg = Debug|Any CPU
		{8AF90C65-168F-4F22-B41E-E97E9D0A95CE}.Debug|x64.Build.0 = Debug|Any CPU
		{8AF90C65-168F-4F22-B41E-E97E9D0A95CE}.Debug|x86.ActiveCfg = Debug|Any CPU
		{8AF90C65-168F-4F22-B41E-E97E9D0A95CE}.Debug|x86.Build.0 = Debug|Any CPU
		{8AF90C65-168F-4F22-B41E-E97E9D0A95CE}.Release|Any CPU.ActiveCfg = Release|Any CPU
		{8AF90C65-168F-4F22-B41E-E97E9D0A95CE}.Release|Any CPU.Build.0 = Release|Any CPU
		{8AF90C65-168F-4F22-B41E-E97E9D0A95CE}.Release|ARM.ActiveCfg = Release|Any CPU
		{8AF90C65-168F-4F22-B41E-E97E9D0A95CE}.Release|ARM.Build.0 = Release|Any CPU
		{8AF90C65-168F-4F22-B41E-E97E9D0A95CE}.Release|Win32.ActiveCfg = Release|Any CPU
		{8AF90C65-168F-4F22-B41E-E97E9D0A95CE}.Release|Win32.Build.0 = Release|Any CPU
		{8AF90C65-168F-4F22-B41E-E97E9D0A95CE}.Release|x64.ActiveCfg = Release|Any CPU
		{8AF90C65-168F-4F22-B41E-E97E9D0A95CE}.Release|x64.Build.0 = Release|Any CPU
		{8AF90C65-168F-4F22-B41E-E97E9D0A95CE}.Release|x86.ActiveCfg = Release|Any CPU
		{8AF90C65-168F-4F22-B41E-E97E9D0A95CE}.Release|x86.Build.0 = Release|Any CPU
		{8AF90C65-168F-4F22-B41E-E97E9D0A95CE}.Setup_Release|Any CPU.ActiveCfg = Release|Any CPU
		{8AF90C65-168F-4F22-B41E-E97E9D0A95CE}.Setup_Release|Any CPU.Build.0 = Release|Any CPU
		{8AF90C65-168F-4F22-B41E-E97E9D0A95CE}.Setup_Release|ARM.ActiveCfg = Release|Any CPU
		{8AF90C65-168F-4F22-B41E-E97E9D0A95CE}.Setup_Release|ARM.Build.0 = Release|Any CPU
		{8AF90C65-168F-4F22-B41E-E97E9D0A95CE}.Setup_Release|Win32.ActiveCfg = Release|Any CPU
		{8AF90C65-168F-4F22-B41E-E97E9D0A95CE}.Setup_Release|Win32.Build.0 = Release|Any CPU
		{8AF90C65-168F-4F22-B41E-E97E9D0A95CE}.Setup_Release|x64.ActiveCfg = Release|Any CPU
		{8AF90C65-168F-4F22-B41E-E97E9D0A95CE}.Setup_Release|x64.Build.0 = Release|Any CPU
		{8AF90C65-168F-4F22-B41E-E97E9D0A95CE}.Setup_Release|x86.ActiveCfg = Release|Any CPU
		{8AF90C65-168F-4F22-B41E-E97E9D0A95CE}.Setup_Release|x86.Build.0 = Release|Any CPU
		{E938C3B4-8280-404D-AF16-526CB3D778C9}.Debug|Any CPU.ActiveCfg = Debug|Any CPU
		{E938C3B4-8280-404D-AF16-526CB3D778C9}.Debug|Any CPU.Build.0 = Debug|Any CPU
		{E938C3B4-8280-404D-AF16-526CB3D778C9}.Debug|ARM.ActiveCfg = Debug|Any CPU
		{E938C3B4-8280-404D-AF16-526CB3D778C9}.Debug|ARM.Build.0 = Debug|Any CPU
		{E938C3B4-8280-404D-AF16-526CB3D778C9}.Debug|Win32.ActiveCfg = Debug|Any CPU
		{E938C3B4-8280-404D-AF16-526CB3D778C9}.Debug|Win32.Build.0 = Debug|Any CPU
		{E938C3B4-8280-404D-AF16-526CB3D778C9}.Debug|x64.ActiveCfg = Debug|x64
		{E938C3B4-8280-404D-AF16-526CB3D778C9}.Debug|x64.Build.0 = Debug|x64
		{E938C3B4-8280-404D-AF16-526CB3D778C9}.Debug|x86.ActiveCfg = Debug|Any CPU
		{E938C3B4-8280-404D-AF16-526CB3D778C9}.Debug|x86.Build.0 = Debug|Any CPU
		{E938C3B4-8280-404D-AF16-526CB3D778C9}.Release|Any CPU.ActiveCfg = Release|Any CPU
		{E938C3B4-8280-404D-AF16-526CB3D778C9}.Release|Any CPU.Build.0 = Release|Any CPU
		{E938C3B4-8280-404D-AF16-526CB3D778C9}.Release|ARM.ActiveCfg = Release|Any CPU
		{E938C3B4-8280-404D-AF16-526CB3D778C9}.Release|ARM.Build.0 = Release|Any CPU
		{E938C3B4-8280-404D-AF16-526CB3D778C9}.Release|Win32.ActiveCfg = Release|Any CPU
		{E938C3B4-8280-404D-AF16-526CB3D778C9}.Release|Win32.Build.0 = Release|Any CPU
		{E938C3B4-8280-404D-AF16-526CB3D778C9}.Release|x64.ActiveCfg = Release|x64
		{E938C3B4-8280-404D-AF16-526CB3D778C9}.Release|x64.Build.0 = Release|x64
		{E938C3B4-8280-404D-AF16-526CB3D778C9}.Release|x86.ActiveCfg = Release|Any CPU
		{E938C3B4-8280-404D-AF16-526CB3D778C9}.Release|x86.Build.0 = Release|Any CPU
		{E938C3B4-8280-404D-AF16-526CB3D778C9}.Setup_Release|Any CPU.ActiveCfg = Release|Any CPU
		{E938C3B4-8280-404D-AF16-526CB3D778C9}.Setup_Release|Any CPU.Build.0 = Release|Any CPU
		{E938C3B4-8280-404D-AF16-526CB3D778C9}.Setup_Release|ARM.ActiveCfg = Release|Any CPU
		{E938C3B4-8280-404D-AF16-526CB3D778C9}.Setup_Release|ARM.Build.0 = Release|Any CPU
		{E938C3B4-8280-404D-AF16-526CB3D778C9}.Setup_Release|Win32.ActiveCfg = Release|Any CPU
		{E938C3B4-8280-404D-AF16-526CB3D778C9}.Setup_Release|Win32.Build.0 = Release|Any CPU
		{E938C3B4-8280-404D-AF16-526CB3D778C9}.Setup_Release|x64.ActiveCfg = Release|x64
		{E938C3B4-8280-404D-AF16-526CB3D778C9}.Setup_Release|x64.Build.0 = Release|x64
		{E938C3B4-8280-404D-AF16-526CB3D778C9}.Setup_Release|x86.ActiveCfg = Release|Any CPU
		{E938C3B4-8280-404D-AF16-526CB3D778C9}.Setup_Release|x86.Build.0 = Release|Any CPU
		{E9668A86-45C9-43FD-A477-FF7367084DC8}.Debug|Any CPU.ActiveCfg = Debug|Any CPU
		{E9668A86-45C9-43FD-A477-FF7367084DC8}.Debug|Any CPU.Build.0 = Debug|Any CPU
		{E9668A86-45C9-43FD-A477-FF7367084DC8}.Debug|ARM.ActiveCfg = Debug|Any CPU
		{E9668A86-45C9-43FD-A477-FF7367084DC8}.Debug|ARM.Build.0 = Debug|Any CPU
		{E9668A86-45C9-43FD-A477-FF7367084DC8}.Debug|Win32.ActiveCfg = Debug|Any CPU
		{E9668A86-45C9-43FD-A477-FF7367084DC8}.Debug|Win32.Build.0 = Debug|Any CPU
		{E9668A86-45C9-43FD-A477-FF7367084DC8}.Debug|x64.ActiveCfg = Debug|x64
		{E9668A86-45C9-43FD-A477-FF7367084DC8}.Debug|x64.Build.0 = Debug|x64
		{E9668A86-45C9-43FD-A477-FF7367084DC8}.Debug|x86.ActiveCfg = Debug|Any CPU
		{E9668A86-45C9-43FD-A477-FF7367084DC8}.Debug|x86.Build.0 = Debug|Any CPU
		{E9668A86-45C9-43FD-A477-FF7367084DC8}.Release|Any CPU.ActiveCfg = Release|Any CPU
		{E9668A86-45C9-43FD-A477-FF7367084DC8}.Release|Any CPU.Build.0 = Release|Any CPU
		{E9668A86-45C9-43FD-A477-FF7367084DC8}.Release|ARM.ActiveCfg = Release|Any CPU
		{E9668A86-45C9-43FD-A477-FF7367084DC8}.Release|ARM.Build.0 = Release|Any CPU
		{E9668A86-45C9-43FD-A477-FF7367084DC8}.Release|Win32.ActiveCfg = Release|Any CPU
		{E9668A86-45C9-43FD-A477-FF7367084DC8}.Release|Win32.Build.0 = Release|Any CPU
		{E9668A86-45C9-43FD-A477-FF7367084DC8}.Release|x64.ActiveCfg = Release|x64
		{E9668A86-45C9-43FD-A477-FF7367084DC8}.Release|x64.Build.0 = Release|x64
		{E9668A86-45C9-43FD-A477-FF7367084DC8}.Release|x86.ActiveCfg = Release|Any CPU
		{E9668A86-45C9-43FD-A477-FF7367084DC8}.Release|x86.Build.0 = Release|Any CPU
		{E9668A86-45C9-43FD-A477-FF7367084DC8}.Setup_Release|Any CPU.ActiveCfg = Release|Any CPU
		{E9668A86-45C9-43FD-A477-FF7367084DC8}.Setup_Release|Any CPU.Build.0 = Release|Any CPU
		{E9668A86-45C9-43FD-A477-FF7367084DC8}.Setup_Release|ARM.ActiveCfg = Release|Any CPU
		{E9668A86-45C9-43FD-A477-FF7367084DC8}.Setup_Release|ARM.Build.0 = Release|Any CPU
		{E9668A86-45C9-43FD-A477-FF7367084DC8}.Setup_Release|Win32.ActiveCfg = Release|Any CPU
		{E9668A86-45C9-43FD-A477-FF7367084DC8}.Setup_Release|Win32.Build.0 = Release|Any CPU
		{E9668A86-45C9-43FD-A477-FF7367084DC8}.Setup_Release|x64.ActiveCfg = Release|Any CPU
		{E9668A86-45C9-43FD-A477-FF7367084DC8}.Setup_Release|x64.Build.0 = Release|Any CPU
		{E9668A86-45C9-43FD-A477-FF7367084DC8}.Setup_Release|x86.ActiveCfg = Release|Any CPU
		{E9668A86-45C9-43FD-A477-FF7367084DC8}.Setup_Release|x86.Build.0 = Release|Any CPU
	EndGlobalSection
	GlobalSection(SolutionProperties) = preSolution
		HideSolutionNode = FALSE
	EndGlobalSection
	GlobalSection(NestedProjects) = preSolution
		{9B4A22B0-3167-46A8-A82E-01F6FB6DF403} = {BED183D3-5E82-440D-A2FE-E977560B3E20}
		{11BDA4BA-C0B4-4360-9E96-407022AFA0C2} = {BED183D3-5E82-440D-A2FE-E977560B3E20}
		{92265B46-21E4-4AED-A4C9-D0371D0DD4EF} = {FAEF3F80-B91B-46F5-967E-D79A38317AEE}
		{24756EB7-C420-4294-AF63-DB142B7EBC3F} = {FAEF3F80-B91B-46F5-967E-D79A38317AEE}
		{276B4412-EF99-4697-90B1-4AD575773723} = {BED183D3-5E82-440D-A2FE-E977560B3E20}
		{FA14B410-A5A2-41FD-8A4E-C8E317051764} = {FAEF3F80-B91B-46F5-967E-D79A38317AEE}
		{35CAB925-A92F-4664-B8D9-2600DDD734DC} = {FAEF3F80-B91B-46F5-967E-D79A38317AEE}
		{9540155D-5EF9-49CD-ACB5-F3F9CA658E9A} = {35CAB925-A92F-4664-B8D9-2600DDD734DC}
		{6B6C92E4-0054-4624-A36A-5AD567263756} = {35CAB925-A92F-4664-B8D9-2600DDD734DC}
		{E31D692F-431B-42A5-8621-898BCE275FE6} = {C11050D8-915C-4BF3-B5D6-8A69199B58D7}
		{DBEBD3F1-85B3-4D9C-B846-C25B511A156A} = {C11050D8-915C-4BF3-B5D6-8A69199B58D7}
		{9B9B2621-6DAC-4D1E-A2BC-E9DC5F6874AF} = {FA14B410-A5A2-41FD-8A4E-C8E317051764}
		{5857C378-E660-48F9-886F-E0778B78C036} = {24756EB7-C420-4294-AF63-DB142B7EBC3F}
		{E1CF2D6B-748E-4333-BFF1-CDCE0D75D8E3} = {92265B46-21E4-4AED-A4C9-D0371D0DD4EF}
		{4426F97B-389D-4BF2-8ABC-151A32DC774A} = {C11050D8-915C-4BF3-B5D6-8A69199B58D7}
		{45D41ACC-2C3C-43D2-BC10-02AA73FFC7C7} = {C11050D8-915C-4BF3-B5D6-8A69199B58D7}
		{6FCA845E-1857-4269-86E5-3604769B687E} = {C11050D8-915C-4BF3-B5D6-8A69199B58D7}
		{04CBCB7B-CB97-405D-A6DD-5048774E56C3} = {C11050D8-915C-4BF3-B5D6-8A69199B58D7}
		{9A244334-391E-4288-9B9D-59047B33AC0A} = {C11050D8-915C-4BF3-B5D6-8A69199B58D7}
		{067B0B22-23D8-4EEF-B893-5E30FC02A60B} = {92265B46-21E4-4AED-A4C9-D0371D0DD4EF}
		{04FA3862-E17A-49F2-8C10-5F84E9084350} = {92265B46-21E4-4AED-A4C9-D0371D0DD4EF}
		{FC251C6C-8893-4C6E-8755-92A73F2AD070} = {FAEF3F80-B91B-46F5-967E-D79A38317AEE}
		{8AF90C65-168F-4F22-B41E-E97E9D0A95CE} = {FC251C6C-8893-4C6E-8755-92A73F2AD070}
		{E938C3B4-8280-404D-AF16-526CB3D778C9} = {FA14B410-A5A2-41FD-8A4E-C8E317051764}
		{E9668A86-45C9-43FD-A477-FF7367084DC8} = {C11050D8-915C-4BF3-B5D6-8A69199B58D7}
	EndGlobalSection
	GlobalSection(ExtensibilityGlobals) = postSolution
		SolutionGuid = {A0C2C1B2-3FFC-4F6E-BC7E-A34CB06165F9}
	EndGlobalSection
EndGlobal
