
Microsoft Visual Studio Solution File, Format Version 12.00
# Visual Studio 15
VisualStudioVersion = 15.0.27428.2015
MinimumVisualStudioVersion = 10.0.40219.1
Project("{2150E333-8FDC-42A3-9474-1A3956D46DE8}") = "MainApp", "MainApp", "{BED183D3-5E82-440D-A2FE-E977560B3E20}"
EndProject
Project("{8BC9CEB8-8B4A-11D0-8D11-00A0C91BC942}") = "Main32App", "Main32App\Main32App.vcxproj", "{9B4A22B0-3167-46A8-A82E-01F6FB6DF403}"
EndProject
Project("{FAE04EC0-301F-11D3-BF4B-00C04F79EFBC}") = "Main32UI", "Main32UI\Main32UI.csproj", "{11BDA4BA-C0B4-4360-9E96-407022AFA0C2}"
EndProject
Project("{2150E333-8FDC-42A3-9474-1A3956D46DE8}") = "Modules", "Modules", "{FAEF3F80-B91B-46F5-967E-D79A38317AEE}"
EndProject
Project("{2150E333-8FDC-42A3-9474-1A3956D46DE8}") = "Utilitys", "Utilitys", "{C11050D8-915C-4BF3-B5D6-8A69199B58D7}"
EndProject
Project("{FAE04EC0-301F-11D3-BF4B-00C04F79EFBC}") = "UtilityUILib", "UtilityUILib\UtilityUILib.csproj", "{DBEBD3F1-85B3-4D9C-B846-C25B511A156A}"
EndProject
Project("{2150E333-8FDC-42A3-9474-1A3956D46DE8}") = "Update", "Update", "{92265B46-21E4-4AED-A4C9-D0371D0DD4EF}"
EndProject
Project("{FAE04EC0-301F-11D3-BF4B-00C04F79EFBC}") = "UpdateUI", "UpdateUI\UpdateUI.csproj", "{04FA3862-E17A-49F2-8C10-5F84E9084350}"
	ProjectSection(ProjectDependencies) = postProject
		{04CBCB7B-CB97-405D-A6DD-5048774E56C3} = {04CBCB7B-CB97-405D-A6DD-5048774E56C3}
	EndProjectSection
EndProject
Project("{2150E333-8FDC-42A3-9474-1A3956D46DE8}") = "TestProj", "TestProj", "{B97824A5-322A-43DC-8340-63AA2D2CC823}"
EndProject
Project("{8BC9CEB8-8B4A-11D0-8D11-00A0C91BC942}") = "SharedPipeServer", "SharedPipeServer\SharedPipeServer.vcxitems", "{45D41ACC-2C3C-43D2-BC10-02AA73FFC7C7}"
EndProject
Project("{8BC9CEB8-8B4A-11D0-8D11-00A0C91BC942}") = "IoProtocol", "IoProtocol\IoProtocol.vcxitems", "{F9D326AB-AC8E-4E1B-879F-44F8A26F6F4C}"
EndProject
Project("{8BC9CEB8-8B4A-11D0-8D11-00A0C91BC942}") = "PipeClient", "PipeClient (DotNet)\PipeClient (DotNet).vcxproj", "{04CBCB7B-CB97-405D-A6DD-5048774E56C3}"
EndProject
Project("{8BC9CEB8-8B4A-11D0-8D11-00A0C91BC942}") = "PipeClient (Win32)", "PipeClient (Win32)\PipeClient (Win32).vcxproj", "{9A244334-391E-4288-9B9D-59047B33AC0A}"
EndProject
Project("{8BC9CEB8-8B4A-11D0-8D11-00A0C91BC942}") = "HPSALibWarper", "HPSALibWarper\HPSALibWarper.vcxproj", "{E1CF2D6B-748E-4333-BFF1-CDCE0D75D8E3}"
EndProject
Project("{8BC9CEB8-8B4A-11D0-8D11-00A0C91BC942}") = "DebugLogOutput", "DebugLogOutput\DebugLogOutput.vcxitems", "{4426F97B-389D-4BF2-8ABC-151A32DC774A}"
EndProject
Project("{2150E333-8FDC-42A3-9474-1A3956D46DE8}") = "ProfileTest", "ProfileTest", "{24756EB7-C420-4294-AF63-DB142B7EBC3F}"
EndProject
Project("{FAE04EC0-301F-11D3-BF4B-00C04F79EFBC}") = "ProfileTest", "ProfileTest\ProfileTest.csproj", "{5857C378-E660-48F9-886F-E0778B78C036}"
EndProject
Project("{FAE04EC0-301F-11D3-BF4B-00C04F79EFBC}") = "MainUWPApp", "MainUWPApp\MainUWPApp.csproj", "{276B4412-EF99-4697-90B1-4AD575773723}"
EndProject
Project("{D954291E-2A0B-460D-934E-DC6B0785DB48}") = "ShareUtilityLib", "ShareUtilityLib\ShareUtilityLib.shproj", "{6FCA845E-1857-4269-86E5-3604769B687E}"
EndProject
Project("{8BC9CEB8-8B4A-11D0-8D11-00A0C91BC942}") = "UpdateFunc", "UpdateFunc\UpdateFunc.vcxproj", "{067B0B22-23D8-4EEF-B893-5E30FC02A60B}"
EndProject
Project("{8BC9CEB8-8B4A-11D0-8D11-00A0C91BC942}") = "TestDLL", "TestDLL\TestDLL.vcxproj", "{28DD680C-6979-4AA4-B3FF-D6B7C0BF8C25}"
EndProject
Project("{8BC9CEB8-8B4A-11D0-8D11-00A0C91BC942}") = "ToastMessageLib", "ToastMessageLib\ToastMessageLib.vcxitems", "{4CDBE5D8-D07E-4EE1-8402-0834280EA596}"
EndProject
Project("{2150E333-8FDC-42A3-9474-1A3956D46DE8}") = "MVVMDemo", "MVVMDemo", "{FA14B410-A5A2-41FD-8A4E-C8E317051764}"
EndProject
Project("{FAE04EC0-301F-11D3-BF4B-00C04F79EFBC}") = "WPFMVVM", "WPFMVVM\WPFMVVM.csproj", "{9B9B2621-6DAC-4D1E-A2BC-E9DC5F6874AF}"
EndProject
Project("{2150E333-8FDC-42A3-9474-1A3956D46DE8}") = "HIDDemo", "HIDDemo", "{35CAB925-A92F-4664-B8D9-2600DDD734DC}"
EndProject
Global
	GlobalSection(SharedMSBuildProjectFiles) = preSolution
		IoProtocol\IoProtocol.vcxitems*{04cbcb7b-cb97-405d-a6dd-5048774e56c3}*SharedItemsImports = 4
		DebugLogOutput\DebugLogOutput.vcxitems*{067b0b22-23d8-4eef-b893-5e30fc02a60b}*SharedItemsImports = 4
		SharedPipeServer\SharedPipeServer.vcxitems*{067b0b22-23d8-4eef-b893-5e30fc02a60b}*SharedItemsImports = 4
		ShareUtilityLib\ShareUtilityLib.projitems*{276b4412-ef99-4697-90b1-4ad575773723}*SharedItemsImports = 4
		ToastMessageLib\ToastMessageLib.vcxitems*{28dd680c-6979-4aa4-b3ff-d6b7c0bf8c25}*SharedItemsImports = 4
		DebugLogOutput\DebugLogOutput.vcxitems*{4426f97b-389d-4bf2-8abc-151a32dc774a}*SharedItemsImports = 9
		SharedPipeServer\SharedPipeServer.vcxitems*{45d41acc-2c3c-43d2-bc10-02aa73ffc7c7}*SharedItemsImports = 9
		ToastMessageLib\ToastMessageLib.vcxitems*{4cdbe5d8-d07e-4ee1-8402-0834280ea596}*SharedItemsImports = 9
		ShareUtilityLib\ShareUtilityLib.projitems*{6fca845e-1857-4269-86e5-3604769b687e}*SharedItemsImports = 13
		IoProtocol\IoProtocol.vcxitems*{9a244334-391e-4288-9b9d-59047b33ac0a}*SharedItemsImports = 4
		DebugLogOutput\DebugLogOutput.vcxitems*{e1cf2d6b-748e-4333-bff1-cdce0d75d8e3}*SharedItemsImports = 4
		IoProtocol\IoProtocol.vcxitems*{f9d326ab-ac8e-4e1b-879f-44f8a26f6f4c}*SharedItemsImports = 9
	EndGlobalSection
	GlobalSection(SolutionConfigurationPlatforms) = preSolution
		Debug|Any CPU = Debug|Any CPU
		Debug|ARM = Debug|ARM
		Debug|Win32 = Debug|Win32
		Debug|x64 = Debug|x64
		Debug|x86 = Debug|x86
		Release|Any CPU = Release|Any CPU
		Release|ARM = Release|ARM
		Release|Win32 = Release|Win32
		Release|x64 = Release|x64
		Release|x86 = Release|x86
		Setup_Release|Any CPU = Setup_Release|Any CPU
		Setup_Release|ARM = Setup_Release|ARM
		Setup_Release|Win32 = Setup_Release|Win32
		Setup_Release|x64 = Setup_Release|x64
		Setup_Release|x86 = Setup_Release|x86
	EndGlobalSection
	GlobalSection(ProjectConfigurationPlatforms) = postSolution
		{9B4A22B0-3167-46A8-A82E-01F6FB6DF403}.Debug|Any CPU.ActiveCfg = Debug|Win32
		{9B4A22B0-3167-46A8-A82E-01F6FB6DF403}.Debug|ARM.ActiveCfg = Debug|Win32
		{9B4A22B0-3167-46A8-A82E-01F6FB6DF403}.Debug|Win32.ActiveCfg = Debug|Win32
		{9B4A22B0-3167-46A8-A82E-01F6FB6DF403}.Debug|Win32.Build.0 = Debug|Win32
		{9B4A22B0-3167-46A8-A82E-01F6FB6DF403}.Debug|x64.ActiveCfg = Debug|x64
		{9B4A22B0-3167-46A8-A82E-01F6FB6DF403}.Debug|x64.Build.0 = Debug|x64
		{9B4A22B0-3167-46A8-A82E-01F6FB6DF403}.Debug|x86.ActiveCfg = Debug|Win32
		{9B4A22B0-3167-46A8-A82E-01F6FB6DF403}.Debug|x86.Build.0 = Debug|Win32
		{9B4A22B0-3167-46A8-A82E-01F6FB6DF403}.Release|Any CPU.ActiveCfg = Release|Win32
		{9B4A22B0-3167-46A8-A82E-01F6FB6DF403}.Release|ARM.ActiveCfg = Release|Win32
		{9B4A22B0-3167-46A8-A82E-01F6FB6DF403}.Release|Win32.ActiveCfg = Release|Win32
		{9B4A22B0-3167-46A8-A82E-01F6FB6DF403}.Release|Win32.Build.0 = Release|Win32
		{9B4A22B0-3167-46A8-A82E-01F6FB6DF403}.Release|x64.ActiveCfg = Release|x64
		{9B4A22B0-3167-46A8-A82E-01F6FB6DF403}.Release|x64.Build.0 = Release|x64
		{9B4A22B0-3167-46A8-A82E-01F6FB6DF403}.Release|x86.ActiveCfg = Release|Win32
		{9B4A22B0-3167-46A8-A82E-01F6FB6DF403}.Release|x86.Build.0 = Release|Win32
		{9B4A22B0-3167-46A8-A82E-01F6FB6DF403}.Setup_Release|Any CPU.ActiveCfg = Release|x64
		{9B4A22B0-3167-46A8-A82E-01F6FB6DF403}.Setup_Release|Any CPU.Build.0 = Release|x64
		{9B4A22B0-3167-46A8-A82E-01F6FB6DF403}.Setup_Release|ARM.ActiveCfg = Release|x64
		{9B4A22B0-3167-46A8-A82E-01F6FB6DF403}.Setup_Release|ARM.Build.0 = Release|x64
		{9B4A22B0-3167-46A8-A82E-01F6FB6DF403}.Setup_Release|Win32.ActiveCfg = Release|Win32
		{9B4A22B0-3167-46A8-A82E-01F6FB6DF403}.Setup_Release|Win32.Build.0 = Release|Win32
		{9B4A22B0-3167-46A8-A82E-01F6FB6DF403}.Setup_Release|x64.ActiveCfg = Release|x64
		{9B4A22B0-3167-46A8-A82E-01F6FB6DF403}.Setup_Release|x64.Build.0 = Release|x64
		{9B4A22B0-3167-46A8-A82E-01F6FB6DF403}.Setup_Release|x86.ActiveCfg = Release|Win32
		{9B4A22B0-3167-46A8-A82E-01F6FB6DF403}.Setup_Release|x86.Build.0 = Release|Win32
		{11BDA4BA-C0B4-4360-9E96-407022AFA0C2}.Debug|Any CPU.ActiveCfg = Debug|Any CPU
		{11BDA4BA-C0B4-4360-9E96-407022AFA0C2}.Debug|Any CPU.Build.0 = Debug|Any CPU
		{11BDA4BA-C0B4-4360-9E96-407022AFA0C2}.Debug|ARM.ActiveCfg = Debug|Any CPU
		{11BDA4BA-C0B4-4360-9E96-407022AFA0C2}.Debug|ARM.Build.0 = Debug|Any CPU
		{11BDA4BA-C0B4-4360-9E96-407022AFA0C2}.Debug|Win32.ActiveCfg = Debug|x86
		{11BDA4BA-C0B4-4360-9E96-407022AFA0C2}.Debug|Win32.Build.0 = Debug|x86
		{11BDA4BA-C0B4-4360-9E96-407022AFA0C2}.Debug|x64.ActiveCfg = Debug|x64
		{11BDA4BA-C0B4-4360-9E96-407022AFA0C2}.Debug|x64.Build.0 = Debug|x64
		{11BDA4BA-C0B4-4360-9E96-407022AFA0C2}.Debug|x86.ActiveCfg = Debug|x86
		{11BDA4BA-C0B4-4360-9E96-407022AFA0C2}.Debug|x86.Build.0 = Debug|x86
		{11BDA4BA-C0B4-4360-9E96-407022AFA0C2}.Debug|x86.Deploy.0 = Debug|x86
		{11BDA4BA-C0B4-4360-9E96-407022AFA0C2}.Release|Any CPU.ActiveCfg = Release|Any CPU
		{11BDA4BA-C0B4-4360-9E96-407022AFA0C2}.Release|Any CPU.Build.0 = Release|Any CPU
		{11BDA4BA-C0B4-4360-9E96-407022AFA0C2}.Release|ARM.ActiveCfg = Release|Any CPU
		{11BDA4BA-C0B4-4360-9E96-407022AFA0C2}.Release|ARM.Build.0 = Release|Any CPU
		{11BDA4BA-C0B4-4360-9E96-407022AFA0C2}.Release|Win32.ActiveCfg = Release|x86
		{11BDA4BA-C0B4-4360-9E96-407022AFA0C2}.Release|Win32.Build.0 = Release|x86
		{11BDA4BA-C0B4-4360-9E96-407022AFA0C2}.Release|x64.ActiveCfg = Release|x64
		{11BDA4BA-C0B4-4360-9E96-407022AFA0C2}.Release|x64.Build.0 = Release|x64
		{11BDA4BA-C0B4-4360-9E96-407022AFA0C2}.Release|x86.ActiveCfg = Release|x86
		{11BDA4BA-C0B4-4360-9E96-407022AFA0C2}.Release|x86.Build.0 = Release|x86
		{11BDA4BA-C0B4-4360-9E96-407022AFA0C2}.Setup_Release|Any CPU.ActiveCfg = Release|Any CPU
		{11BDA4BA-C0B4-4360-9E96-407022AFA0C2}.Setup_Release|Any CPU.Build.0 = Release|Any CPU
		{11BDA4BA-C0B4-4360-9E96-407022AFA0C2}.Setup_Release|ARM.ActiveCfg = Release|Any CPU
		{11BDA4BA-C0B4-4360-9E96-407022AFA0C2}.Setup_Release|ARM.Build.0 = Release|Any CPU
		{11BDA4BA-C0B4-4360-9E96-407022AFA0C2}.Setup_Release|Win32.ActiveCfg = Release|x86
		{11BDA4BA-C0B4-4360-9E96-407022AFA0C2}.Setup_Release|Win32.Build.0 = Release|x86
		{11BDA4BA-C0B4-4360-9E96-407022AFA0C2}.Setup_Release|x64.ActiveCfg = Release|x64
		{11BDA4BA-C0B4-4360-9E96-407022AFA0C2}.Setup_Release|x64.Build.0 = Release|x64
		{11BDA4BA-C0B4-4360-9E96-407022AFA0C2}.Setup_Release|x86.ActiveCfg = Release|x86
		{11BDA4BA-C0B4-4360-9E96-407022AFA0C2}.Setup_Release|x86.Build.0 = Release|x86
		{DBEBD3F1-85B3-4D9C-B846-C25B511A156A}.Debug|Any CPU.ActiveCfg = Debug|Any CPU
		{DBEBD3F1-85B3-4D9C-B846-C25B511A156A}.Debug|Any CPU.Build.0 = Debug|Any CPU
		{DBEBD3F1-85B3-4D9C-B846-C25B511A156A}.Debug|ARM.ActiveCfg = Debug|Any CPU
		{DBEBD3F1-85B3-4D9C-B846-C25B511A156A}.Debug|ARM.Build.0 = Debug|Any CPU
		{DBEBD3F1-85B3-4D9C-B846-C25B511A156A}.Debug|Win32.ActiveCfg = Debug|x86
		{DBEBD3F1-85B3-4D9C-B846-C25B511A156A}.Debug|Win32.Build.0 = Debug|x86
		{DBEBD3F1-85B3-4D9C-B846-C25B511A156A}.Debug|x64.ActiveCfg = Debug|x64
		{DBEBD3F1-85B3-4D9C-B846-C25B511A156A}.Debug|x64.Build.0 = Debug|x64
		{DBEBD3F1-85B3-4D9C-B846-C25B511A156A}.Debug|x86.ActiveCfg = Debug|x86
		{DBEBD3F1-85B3-4D9C-B846-C25B511A156A}.Debug|x86.Build.0 = Debug|x86
		{DBEBD3F1-85B3-4D9C-B846-C25B511A156A}.Release|Any CPU.ActiveCfg = Release|Any CPU
		{DBEBD3F1-85B3-4D9C-B846-C25B511A156A}.Release|Any CPU.Build.0 = Release|Any CPU
		{DBEBD3F1-85B3-4D9C-B846-C25B511A156A}.Release|ARM.ActiveCfg = Release|Any CPU
		{DBEBD3F1-85B3-4D9C-B846-C25B511A156A}.Release|ARM.Build.0 = Release|Any CPU
		{DBEBD3F1-85B3-4D9C-B846-C25B511A156A}.Release|Win32.ActiveCfg = Release|x86
		{DBEBD3F1-85B3-4D9C-B846-C25B511A156A}.Release|Win32.Build.0 = Release|x86
		{DBEBD3F1-85B3-4D9C-B846-C25B511A156A}.Release|x64.ActiveCfg = Release|x64
		{DBEBD3F1-85B3-4D9C-B846-C25B511A156A}.Release|x64.Build.0 = Release|x64
		{DBEBD3F1-85B3-4D9C-B846-C25B511A156A}.Release|x86.ActiveCfg = Release|x86
		{DBEBD3F1-85B3-4D9C-B846-C25B511A156A}.Release|x86.Build.0 = Release|x86
		{DBEBD3F1-85B3-4D9C-B846-C25B511A156A}.Setup_Release|Any CPU.ActiveCfg = Release|Any CPU
		{DBEBD3F1-85B3-4D9C-B846-C25B511A156A}.Setup_Release|Any CPU.Build.0 = Release|Any CPU
		{DBEBD3F1-85B3-4D9C-B846-C25B511A156A}.Setup_Release|ARM.ActiveCfg = Release|Any CPU
		{DBEBD3F1-85B3-4D9C-B846-C25B511A156A}.Setup_Release|ARM.Build.0 = Release|Any CPU
		{DBEBD3F1-85B3-4D9C-B846-C25B511A156A}.Setup_Release|Win32.ActiveCfg = Release|x86
		{DBEBD3F1-85B3-4D9C-B846-C25B511A156A}.Setup_Release|Win32.Build.0 = Release|x86
		{DBEBD3F1-85B3-4D9C-B846-C25B511A156A}.Setup_Release|x64.ActiveCfg = Release|x64
		{DBEBD3F1-85B3-4D9C-B846-C25B511A156A}.Setup_Release|x64.Build.0 = Release|x64
		{DBEBD3F1-85B3-4D9C-B846-C25B511A156A}.Setup_Release|x86.ActiveCfg = Release|x86
		{DBEBD3F1-85B3-4D9C-B846-C25B511A156A}.Setup_Release|x86.Build.0 = Release|x86
		{04FA3862-E17A-49F2-8C10-5F84E9084350}.Debug|Any CPU.ActiveCfg = Debug|Any CPU
		{04FA3862-E17A-49F2-8C10-5F84E9084350}.Debug|Any CPU.Build.0 = Debug|Any CPU
		{04FA3862-E17A-49F2-8C10-5F84E9084350}.Debug|ARM.ActiveCfg = Debug|Any CPU
		{04FA3862-E17A-49F2-8C10-5F84E9084350}.Debug|ARM.Build.0 = Debug|Any CPU
		{04FA3862-E17A-49F2-8C10-5F84E9084350}.Debug|Win32.ActiveCfg = Debug|x86
		{04FA3862-E17A-49F2-8C10-5F84E9084350}.Debug|Win32.Build.0 = Debug|x86
		{04FA3862-E17A-49F2-8C10-5F84E9084350}.Debug|x64.ActiveCfg = Debug|x64
		{04FA3862-E17A-49F2-8C10-5F84E9084350}.Debug|x64.Build.0 = Debug|x64
		{04FA3862-E17A-49F2-8C10-5F84E9084350}.Debug|x86.ActiveCfg = Debug|x86
		{04FA3862-E17A-49F2-8C10-5F84E9084350}.Debug|x86.Build.0 = Debug|x86
		{04FA3862-E17A-49F2-8C10-5F84E9084350}.Release|Any CPU.ActiveCfg = Release|Any CPU
		{04FA3862-E17A-49F2-8C10-5F84E9084350}.Release|Any CPU.Build.0 = Release|Any CPU
		{04FA3862-E17A-49F2-8C10-5F84E9084350}.Release|ARM.ActiveCfg = Release|Any CPU
		{04FA3862-E17A-49F2-8C10-5F84E9084350}.Release|ARM.Build.0 = Release|Any CPU
		{04FA3862-E17A-49F2-8C10-5F84E9084350}.Release|Win32.ActiveCfg = Release|x86
		{04FA3862-E17A-49F2-8C10-5F84E9084350}.Release|Win32.Build.0 = Release|x86
		{04FA3862-E17A-49F2-8C10-5F84E9084350}.Release|x64.ActiveCfg = Release|x64
		{04FA3862-E17A-49F2-8C10-5F84E9084350}.Release|x64.Build.0 = Release|x64
		{04FA3862-E17A-49F2-8C10-5F84E9084350}.Release|x86.ActiveCfg = Release|Any CPU
		{04FA3862-E17A-49F2-8C10-5F84E9084350}.Release|x86.Build.0 = Release|Any CPU
		{04FA3862-E17A-49F2-8C10-5F84E9084350}.Setup_Release|Any CPU.ActiveCfg = Release|Any CPU
		{04FA3862-E17A-49F2-8C10-5F84E9084350}.Setup_Release|Any CPU.Build.0 = Release|Any CPU
		{04FA3862-E17A-49F2-8C10-5F84E9084350}.Setup_Release|ARM.ActiveCfg = Release|Any CPU
		{04FA3862-E17A-49F2-8C10-5F84E9084350}.Setup_Release|ARM.Build.0 = Release|Any CPU
		{04FA3862-E17A-49F2-8C10-5F84E9084350}.Setup_Release|Win32.ActiveCfg = Release|x86
		{04FA3862-E17A-49F2-8C10-5F84E9084350}.Setup_Release|Win32.Build.0 = Release|x86
		{04FA3862-E17A-49F2-8C10-5F84E9084350}.Setup_Release|x64.ActiveCfg = Release|x64
		{04FA3862-E17A-49F2-8C10-5F84E9084350}.Setup_Release|x64.Build.0 = Release|x64
		{04FA3862-E17A-49F2-8C10-5F84E9084350}.Setup_Release|x86.ActiveCfg = Release|x86
		{04FA3862-E17A-49F2-8C10-5F84E9084350}.Setup_Release|x86.Build.0 = Release|x86
		{04CBCB7B-CB97-405D-A6DD-5048774E56C3}.Debug|Any CPU.ActiveCfg = Debug|Win32
		{04CBCB7B-CB97-405D-A6DD-5048774E56C3}.Debug|ARM.ActiveCfg = Debug|Win32
		{04CBCB7B-CB97-405D-A6DD-5048774E56C3}.Debug|Win32.ActiveCfg = Debug|Win32
		{04CBCB7B-CB97-405D-A6DD-5048774E56C3}.Debug|Win32.Build.0 = Debug|Win32
		{04CBCB7B-CB97-405D-A6DD-5048774E56C3}.Debug|x64.ActiveCfg = Debug|x64
		{04CBCB7B-CB97-405D-A6DD-5048774E56C3}.Debug|x64.Build.0 = Debug|x64
		{04CBCB7B-CB97-405D-A6DD-5048774E56C3}.Debug|x86.ActiveCfg = Debug|Win32
		{04CBCB7B-CB97-405D-A6DD-5048774E56C3}.Debug|x86.Build.0 = Debug|Win32
		{04CBCB7B-CB97-405D-A6DD-5048774E56C3}.Release|Any CPU.ActiveCfg = Release|Win32
		{04CBCB7B-CB97-405D-A6DD-5048774E56C3}.Release|ARM.ActiveCfg = Release|Win32
		{04CBCB7B-CB97-405D-A6DD-5048774E56C3}.Release|Win32.ActiveCfg = Release|Win32
		{04CBCB7B-CB97-405D-A6DD-5048774E56C3}.Release|Win32.Build.0 = Release|Win32
		{04CBCB7B-CB97-405D-A6DD-5048774E56C3}.Release|x64.ActiveCfg = Release|x64
		{04CBCB7B-CB97-405D-A6DD-5048774E56C3}.Release|x64.Build.0 = Release|x64
		{04CBCB7B-CB97-405D-A6DD-5048774E56C3}.Release|x86.ActiveCfg = Release|Win32
		{04CBCB7B-CB97-405D-A6DD-5048774E56C3}.Release|x86.Build.0 = Release|Win32
		{04CBCB7B-CB97-405D-A6DD-5048774E56C3}.Setup_Release|Any CPU.ActiveCfg = Setup_Release|Win32
		{04CBCB7B-CB97-405D-A6DD-5048774E56C3}.Setup_Release|ARM.ActiveCfg = Setup_Release|Win32
		{04CBCB7B-CB97-405D-A6DD-5048774E56C3}.Setup_Release|Win32.ActiveCfg = Setup_Release|Win32
		{04CBCB7B-CB97-405D-A6DD-5048774E56C3}.Setup_Release|Win32.Build.0 = Setup_Release|Win32
		{04CBCB7B-CB97-405D-A6DD-5048774E56C3}.Setup_Release|x64.ActiveCfg = Setup_Release|x64
		{04CBCB7B-CB97-405D-A6DD-5048774E56C3}.Setup_Release|x64.Build.0 = Setup_Release|x64
		{04CBCB7B-CB97-405D-A6DD-5048774E56C3}.Setup_Release|x86.ActiveCfg = Setup_Release|Win32
		{04CBCB7B-CB97-405D-A6DD-5048774E56C3}.Setup_Release|x86.Build.0 = Setup_Release|Win32
		{9A244334-391E-4288-9B9D-59047B33AC0A}.Debug|Any CPU.ActiveCfg = Debug|Win32
		{9A244334-391E-4288-9B9D-59047B33AC0A}.Debug|ARM.ActiveCfg = Debug|Win32
		{9A244334-391E-4288-9B9D-59047B33AC0A}.Debug|Win32.ActiveCfg = Debug|Win32
		{9A244334-391E-4288-9B9D-59047B33AC0A}.Debug|Win32.Build.0 = Debug|Win32
		{9A244334-391E-4288-9B9D-59047B33AC0A}.Debug|x64.ActiveCfg = Debug|x64
		{9A244334-391E-4288-9B9D-59047B33AC0A}.Debug|x64.Build.0 = Debug|x64
		{9A244334-391E-4288-9B9D-59047B33AC0A}.Debug|x86.ActiveCfg = Debug|Win32
		{9A244334-391E-4288-9B9D-59047B33AC0A}.Debug|x86.Build.0 = Debug|Win32
		{9A244334-391E-4288-9B9D-59047B33AC0A}.Release|Any CPU.ActiveCfg = Release|Win32
		{9A244334-391E-4288-9B9D-59047B33AC0A}.Release|ARM.ActiveCfg = Release|Win32
		{9A244334-391E-4288-9B9D-59047B33AC0A}.Release|Win32.ActiveCfg = Release|Win32
		{9A244334-391E-4288-9B9D-59047B33AC0A}.Release|Win32.Build.0 = Release|Win32
		{9A244334-391E-4288-9B9D-59047B33AC0A}.Release|x64.ActiveCfg = Release|x64
		{9A244334-391E-4288-9B9D-59047B33AC0A}.Release|x64.Build.0 = Release|x64
		{9A244334-391E-4288-9B9D-59047B33AC0A}.Release|x86.ActiveCfg = Release|Win32
		{9A244334-391E-4288-9B9D-59047B33AC0A}.Release|x86.Build.0 = Release|Win32
		{9A244334-391E-4288-9B9D-59047B33AC0A}.Setup_Release|Any CPU.ActiveCfg = Setup_Release|Win32
		{9A244334-391E-4288-9B9D-59047B33AC0A}.Setup_Release|ARM.ActiveCfg = Setup_Release|Win32
		{9A244334-391E-4288-9B9D-59047B33AC0A}.Setup_Release|Win32.ActiveCfg = Setup_Release|Win32
		{9A244334-391E-4288-9B9D-59047B33AC0A}.Setup_Release|Win32.Build.0 = Setup_Release|Win32
		{9A244334-391E-4288-9B9D-59047B33AC0A}.Setup_Release|x64.ActiveCfg = Setup_Release|x64
		{9A244334-391E-4288-9B9D-59047B33AC0A}.Setup_Release|x64.Build.0 = Setup_Release|x64
		{9A244334-391E-4288-9B9D-59047B33AC0A}.Setup_Release|x86.ActiveCfg = Setup_Release|Win32
		{9A244334-391E-4288-9B9D-59047B33AC0A}.Setup_Release|x86.Build.0 = Setup_Release|Win32
		{E1CF2D6B-748E-4333-BFF1-CDCE0D75D8E3}.Debug|Any CPU.ActiveCfg = Debug|Win32
		{E1CF2D6B-748E-4333-BFF1-CDCE0D75D8E3}.Debug|ARM.ActiveCfg = Debug|Win32
		{E1CF2D6B-748E-4333-BFF1-CDCE0D75D8E3}.Debug|Win32.ActiveCfg = Debug|Win32
		{E1CF2D6B-748E-4333-BFF1-CDCE0D75D8E3}.Debug|Win32.Build.0 = Debug|Win32
		{E1CF2D6B-748E-4333-BFF1-CDCE0D75D8E3}.Debug|x64.ActiveCfg = Debug|x64
		{E1CF2D6B-748E-4333-BFF1-CDCE0D75D8E3}.Debug|x64.Build.0 = Debug|x64
		{E1CF2D6B-748E-4333-BFF1-CDCE0D75D8E3}.Debug|x86.ActiveCfg = Debug|Win32
		{E1CF2D6B-748E-4333-BFF1-CDCE0D75D8E3}.Debug|x86.Build.0 = Debug|Win32
		{E1CF2D6B-748E-4333-BFF1-CDCE0D75D8E3}.Release|Any CPU.ActiveCfg = Release|Win32
		{E1CF2D6B-748E-4333-BFF1-CDCE0D75D8E3}.Release|ARM.ActiveCfg = Release|Win32
		{E1CF2D6B-748E-4333-BFF1-CDCE0D75D8E3}.Release|Win32.ActiveCfg = Release|Win32
		{E1CF2D6B-748E-4333-BFF1-CDCE0D75D8E3}.Release|Win32.Build.0 = Release|Win32
		{E1CF2D6B-748E-4333-BFF1-CDCE0D75D8E3}.Release|x64.ActiveCfg = Release|x64
		{E1CF2D6B-748E-4333-BFF1-CDCE0D75D8E3}.Release|x64.Build.0 = Release|x64
		{E1CF2D6B-748E-4333-BFF1-CDCE0D75D8E3}.Release|x86.ActiveCfg = Release|Win32
		{E1CF2D6B-748E-4333-BFF1-CDCE0D75D8E3}.Release|x86.Build.0 = Release|Win32
		{E1CF2D6B-748E-4333-BFF1-CDCE0D75D8E3}.Setup_Release|Any CPU.ActiveCfg = Release|x64
		{E1CF2D6B-748E-4333-BFF1-CDCE0D75D8E3}.Setup_Release|Any CPU.Build.0 = Release|x64
		{E1CF2D6B-748E-4333-BFF1-CDCE0D75D8E3}.Setup_Release|ARM.ActiveCfg = Release|x64
		{E1CF2D6B-748E-4333-BFF1-CDCE0D75D8E3}.Setup_Release|ARM.Build.0 = Release|x64
		{E1CF2D6B-748E-4333-BFF1-CDCE0D75D8E3}.Setup_Release|Win32.ActiveCfg = Release|Win32
		{E1CF2D6B-748E-4333-BFF1-CDCE0D75D8E3}.Setup_Release|Win32.Build.0 = Release|Win32
		{E1CF2D6B-748E-4333-BFF1-CDCE0D75D8E3}.Setup_Release|x64.ActiveCfg = Release|x64
		{E1CF2D6B-748E-4333-BFF1-CDCE0D75D8E3}.Setup_Release|x64.Build.0 = Release|x64
		{E1CF2D6B-748E-4333-BFF1-CDCE0D75D8E3}.Setup_Release|x86.ActiveCfg = Release|Win32
		{E1CF2D6B-748E-4333-BFF1-CDCE0D75D8E3}.Setup_Release|x86.Build.0 = Release|Win32
		{5857C378-E660-48F9-886F-E0778B78C036}.Debug|Any CPU.ActiveCfg = Debug|Any CPU
		{5857C378-E660-48F9-886F-E0778B78C036}.Debug|Any CPU.Build.0 = Debug|Any CPU
		{5857C378-E660-48F9-886F-E0778B78C036}.Debug|ARM.ActiveCfg = Debug|Any CPU
		{5857C378-E660-48F9-886F-E0778B78C036}.Debug|ARM.Build.0 = Debug|Any CPU
		{5857C378-E660-48F9-886F-E0778B78C036}.Debug|Win32.ActiveCfg = Debug|Any CPU
		{5857C378-E660-48F9-886F-E0778B78C036}.Debug|Win32.Build.0 = Debug|Any CPU
		{5857C378-E660-48F9-886F-E0778B78C036}.Debug|x64.ActiveCfg = Debug|x64
		{5857C378-E660-48F9-886F-E0778B78C036}.Debug|x64.Build.0 = Debug|x64
		{5857C378-E660-48F9-886F-E0778B78C036}.Debug|x86.ActiveCfg = Debug|x86
		{5857C378-E660-48F9-886F-E0778B78C036}.Debug|x86.Build.0 = Debug|x86
		{5857C378-E660-48F9-886F-E0778B78C036}.Release|Any CPU.ActiveCfg = Release|Any CPU
		{5857C378-E660-48F9-886F-E0778B78C036}.Release|Any CPU.Build.0 = Release|Any CPU
		{5857C378-E660-48F9-886F-E0778B78C036}.Release|ARM.ActiveCfg = Release|Any CPU
		{5857C378-E660-48F9-886F-E0778B78C036}.Release|ARM.Build.0 = Release|Any CPU
		{5857C378-E660-48F9-886F-E0778B78C036}.Release|Win32.ActiveCfg = Release|Any CPU
		{5857C378-E660-48F9-886F-E0778B78C036}.Release|Win32.Build.0 = Release|Any CPU
		{5857C378-E660-48F9-886F-E0778B78C036}.Release|x64.ActiveCfg = Release|x64
		{5857C378-E660-48F9-886F-E0778B78C036}.Release|x64.Build.0 = Release|x64
		{5857C378-E660-48F9-886F-E0778B78C036}.Release|x86.ActiveCfg = Release|Any CPU
		{5857C378-E660-48F9-886F-E0778B78C036}.Release|x86.Build.0 = Release|Any CPU
		{5857C378-E660-48F9-886F-E0778B78C036}.Setup_Release|Any CPU.ActiveCfg = Release|Any CPU
		{5857C378-E660-48F9-886F-E0778B78C036}.Setup_Release|Any CPU.Build.0 = Release|Any CPU
		{5857C378-E660-48F9-886F-E0778B78C036}.Setup_Release|ARM.ActiveCfg = Release|Any CPU
		{5857C378-E660-48F9-886F-E0778B78C036}.Setup_Release|ARM.Build.0 = Release|Any CPU
		{5857C378-E660-48F9-886F-E0778B78C036}.Setup_Release|Win32.ActiveCfg = Release|Any CPU
		{5857C378-E660-48F9-886F-E0778B78C036}.Setup_Release|Win32.Build.0 = Release|Any CPU
		{5857C378-E660-48F9-886F-E0778B78C036}.Setup_Release|x64.ActiveCfg = Release|Any CPU
		{5857C378-E660-48F9-886F-E0778B78C036}.Setup_Release|x64.Build.0 = Release|Any CPU
		{5857C378-E660-48F9-886F-E0778B78C036}.Setup_Release|x86.ActiveCfg = Release|Any CPU
		{5857C378-E660-48F9-886F-E0778B78C036}.Setup_Release|x86.Build.0 = Release|Any CPU
		{276B4412-EF99-4697-90B1-4AD575773723}.Debug|Any CPU.ActiveCfg = Debug|x86
		{276B4412-EF99-4697-90B1-4AD575773723}.Debug|ARM.ActiveCfg = Debug|ARM
		{276B4412-EF99-4697-90B1-4AD575773723}.Debug|ARM.Build.0 = Debug|ARM
		{276B4412-EF99-4697-90B1-4AD575773723}.Debug|ARM.Deploy.0 = Debug|ARM
		{276B4412-EF99-4697-90B1-4AD575773723}.Debug|Win32.ActiveCfg = Debug|x86
		{276B4412-EF99-4697-90B1-4AD575773723}.Debug|Win32.Build.0 = Debug|x86
		{276B4412-EF99-4697-90B1-4AD575773723}.Debug|Win32.Deploy.0 = Debug|x86
		{276B4412-EF99-4697-90B1-4AD575773723}.Debug|x64.ActiveCfg = Debug|x64
		{276B4412-EF99-4697-90B1-4AD575773723}.Debug|x64.Build.0 = Debug|x64
		{276B4412-EF99-4697-90B1-4AD575773723}.Debug|x64.Deploy.0 = Debug|x64
		{276B4412-EF99-4697-90B1-4AD575773723}.Debug|x86.ActiveCfg = Debug|x86
		{276B4412-EF99-4697-90B1-4AD575773723}.Debug|x86.Build.0 = Debug|x86
		{276B4412-EF99-4697-90B1-4AD575773723}.Debug|x86.Deploy.0 = Debug|x86
		{276B4412-EF99-4697-90B1-4AD575773723}.Release|Any CPU.ActiveCfg = Release|x86
		{276B4412-EF99-4697-90B1-4AD575773723}.Release|ARM.ActiveCfg = Release|ARM
		{276B4412-EF99-4697-90B1-4AD575773723}.Release|ARM.Build.0 = Release|ARM
		{276B4412-EF99-4697-90B1-4AD575773723}.Release|ARM.Deploy.0 = Release|ARM
		{276B4412-EF99-4697-90B1-4AD575773723}.Release|Win32.ActiveCfg = Release|x86
		{276B4412-EF99-4697-90B1-4AD575773723}.Release|Win32.Build.0 = Release|x86
		{276B4412-EF99-4697-90B1-4AD575773723}.Release|Win32.Deploy.0 = Release|x86
		{276B4412-EF99-4697-90B1-4AD575773723}.Release|x64.ActiveCfg = Release|x64
		{276B4412-EF99-4697-90B1-4AD575773723}.Release|x64.Build.0 = Release|x64
		{276B4412-EF99-4697-90B1-4AD575773723}.Release|x64.Deploy.0 = Release|x64
		{276B4412-EF99-4697-90B1-4AD575773723}.Release|x86.ActiveCfg = Release|x86
		{276B4412-EF99-4697-90B1-4AD575773723}.Release|x86.Build.0 = Release|x86
		{276B4412-EF99-4697-90B1-4AD575773723}.Release|x86.Deploy.0 = Release|x86
		{276B4412-EF99-4697-90B1-4AD575773723}.Setup_Release|Any CPU.ActiveCfg = Release|x64
		{276B4412-EF99-4697-90B1-4AD575773723}.Setup_Release|Any CPU.Build.0 = Release|x64
		{276B4412-EF99-4697-90B1-4AD575773723}.Setup_Release|Any CPU.Deploy.0 = Release|x64
		{276B4412-EF99-4697-90B1-4AD575773723}.Setup_Release|ARM.ActiveCfg = Release|ARM
		{276B4412-EF99-4697-90B1-4AD575773723}.Setup_Release|ARM.Build.0 = Release|ARM
		{276B4412-EF99-4697-90B1-4AD575773723}.Setup_Release|ARM.Deploy.0 = Release|ARM
		{276B4412-EF99-4697-90B1-4AD575773723}.Setup_Release|Win32.ActiveCfg = Release|x86
		{276B4412-EF99-4697-90B1-4AD575773723}.Setup_Release|Win32.Build.0 = Release|x86
		{276B4412-EF99-4697-90B1-4AD575773723}.Setup_Release|Win32.Deploy.0 = Release|x86
		{276B4412-EF99-4697-90B1-4AD575773723}.Setup_Release|x64.ActiveCfg = Release|x64
		{276B4412-EF99-4697-90B1-4AD575773723}.Setup_Release|x64.Build.0 = Release|x64
		{276B4412-EF99-4697-90B1-4AD575773723}.Setup_Release|x64.Deploy.0 = Release|x64
		{276B4412-EF99-4697-90B1-4AD575773723}.Setup_Release|x86.ActiveCfg = Release|x86
		{276B4412-EF99-4697-90B1-4AD575773723}.Setup_Release|x86.Build.0 = Release|x86
		{276B4412-EF99-4697-90B1-4AD575773723}.Setup_Release|x86.Deploy.0 = Release|x86
		{067B0B22-23D8-4EEF-B893-5E30FC02A60B}.Debug|Any CPU.ActiveCfg = Debug|Win32
		{067B0B22-23D8-4EEF-B893-5E30FC02A60B}.Debug|ARM.ActiveCfg = Debug|Win32
		{067B0B22-23D8-4EEF-B893-5E30FC02A60B}.Debug|Win32.ActiveCfg = Debug|Win32
		{067B0B22-23D8-4EEF-B893-5E30FC02A60B}.Debug|Win32.Build.0 = Debug|Win32
		{067B0B22-23D8-4EEF-B893-5E30FC02A60B}.Debug|x64.ActiveCfg = Debug|x64
		{067B0B22-23D8-4EEF-B893-5E30FC02A60B}.Debug|x64.Build.0 = Debug|x64
		{067B0B22-23D8-4EEF-B893-5E30FC02A60B}.Debug|x86.ActiveCfg = Debug|Win32
		{067B0B22-23D8-4EEF-B893-5E30FC02A60B}.Debug|x86.Build.0 = Debug|Win32
		{067B0B22-23D8-4EEF-B893-5E30FC02A60B}.Release|Any CPU.ActiveCfg = Release|Win32
		{067B0B22-23D8-4EEF-B893-5E30FC02A60B}.Release|ARM.ActiveCfg = Release|Win32
		{067B0B22-23D8-4EEF-B893-5E30FC02A60B}.Release|Win32.ActiveCfg = Release|Win32
		{067B0B22-23D8-4EEF-B893-5E30FC02A60B}.Release|Win32.Build.0 = Release|Win32
		{067B0B22-23D8-4EEF-B893-5E30FC02A60B}.Release|x64.ActiveCfg = Release|x64
		{067B0B22-23D8-4EEF-B893-5E30FC02A60B}.Release|x64.Build.0 = Release|x64
		{067B0B22-23D8-4EEF-B893-5E30FC02A60B}.Release|x86.ActiveCfg = Release|Win32
		{067B0B22-23D8-4EEF-B893-5E30FC02A60B}.Release|x86.Build.0 = Release|Win32
		{067B0B22-23D8-4EEF-B893-5E30FC02A60B}.Setup_Release|Any CPU.ActiveCfg = Release|x64
		{067B0B22-23D8-4EEF-B893-5E30FC02A60B}.Setup_Release|Any CPU.Build.0 = Release|x64
		{067B0B22-23D8-4EEF-B893-5E30FC02A60B}.Setup_Release|ARM.ActiveCfg = Release|x64
		{067B0B22-23D8-4EEF-B893-5E30FC02A60B}.Setup_Release|ARM.Build.0 = Release|x64
		{067B0B22-23D8-4EEF-B893-5E30FC02A60B}.Setup_Release|Win32.ActiveCfg = Release|Win32
		{067B0B22-23D8-4EEF-B893-5E30FC02A60B}.Setup_Release|Win32.Build.0 = Release|Win32
		{067B0B22-23D8-4EEF-B893-5E30FC02A60B}.Setup_Release|x64.ActiveCfg = Release|x64
		{067B0B22-23D8-4EEF-B893-5E30FC02A60B}.Setup_Release|x64.Build.0 = Release|x64
		{067B0B22-23D8-4EEF-B893-5E30FC02A60B}.Setup_Release|x86.ActiveCfg = Release|Win32
		{067B0B22-23D8-4EEF-B893-5E30FC02A60B}.Setup_Release|x86.Build.0 = Release|Win32
		{28DD680C-6979-4AA4-B3FF-D6B7C0BF8C25}.Debug|Any CPU.ActiveCfg = Debug|Win32
		{28DD680C-6979-4AA4-B3FF-D6B7C0BF8C25}.Debug|ARM.ActiveCfg = Debug|Win32
		{28DD680C-6979-4AA4-B3FF-D6B7C0BF8C25}.Debug|Win32.ActiveCfg = Debug|Win32
		{28DD680C-6979-4AA4-B3FF-D6B7C0BF8C25}.Debug|Win32.Build.0 = Debug|Win32
		{28DD680C-6979-4AA4-B3FF-D6B7C0BF8C25}.Debug|x64.ActiveCfg = Debug|x64
		{28DD680C-6979-4AA4-B3FF-D6B7C0BF8C25}.Debug|x64.Build.0 = Debug|x64
		{28DD680C-6979-4AA4-B3FF-D6B7C0BF8C25}.Debug|x86.ActiveCfg = Debug|Win32
		{28DD680C-6979-4AA4-B3FF-D6B7C0BF8C25}.Debug|x86.Build.0 = Debug|Win32
		{28DD680C-6979-4AA4-B3FF-D6B7C0BF8C25}.Release|Any CPU.ActiveCfg = Release|Win32
		{28DD680C-6979-4AA4-B3FF-D6B7C0BF8C25}.Release|ARM.ActiveCfg = Release|Win32
		{28DD680C-6979-4AA4-B3FF-D6B7C0BF8C25}.Release|Win32.ActiveCfg = Release|Win32
		{28DD680C-6979-4AA4-B3FF-D6B7C0BF8C25}.Release|Win32.Build.0 = Release|Win32
		{28DD680C-6979-4AA4-B3FF-D6B7C0BF8C25}.Release|x64.ActiveCfg = Release|x64
		{28DD680C-6979-4AA4-B3FF-D6B7C0BF8C25}.Release|x64.Build.0 = Release|x64
		{28DD680C-6979-4AA4-B3FF-D6B7C0BF8C25}.Release|x86.ActiveCfg = Release|Win32
		{28DD680C-6979-4AA4-B3FF-D6B7C0BF8C25}.Release|x86.Build.0 = Release|Win32
		{28DD680C-6979-4AA4-B3FF-D6B7C0BF8C25}.Setup_Release|Any CPU.ActiveCfg = Release|x64
		{28DD680C-6979-4AA4-B3FF-D6B7C0BF8C25}.Setup_Release|Any CPU.Build.0 = Release|x64
		{28DD680C-6979-4AA4-B3FF-D6B7C0BF8C25}.Setup_Release|ARM.ActiveCfg = Release|x64
		{28DD680C-6979-4AA4-B3FF-D6B7C0BF8C25}.Setup_Release|ARM.Build.0 = Release|x64
		{28DD680C-6979-4AA4-B3FF-D6B7C0BF8C25}.Setup_Release|Win32.ActiveCfg = Release|Win32
		{28DD680C-6979-4AA4-B3FF-D6B7C0BF8C25}.Setup_Release|Win32.Build.0 = Release|Win32
		{28DD680C-6979-4AA4-B3FF-D6B7C0BF8C25}.Setup_Release|x64.ActiveCfg = Release|x64
		{28DD680C-6979-4AA4-B3FF-D6B7C0BF8C25}.Setup_Release|x64.Build.0 = Release|x64
		{28DD680C-6979-4AA4-B3FF-D6B7C0BF8C25}.Setup_Release|x86.ActiveCfg = Release|Win32
		{28DD680C-6979-4AA4-B3FF-D6B7C0BF8C25}.Setup_Release|x86.Build.0 = Release|Win32
		{9B9B2621-6DAC-4D1E-A2BC-E9DC5F6874AF}.Debug|Any CPU.ActiveCfg = Debug|Any CPU
		{9B9B2621-6DAC-4D1E-A2BC-E9DC5F6874AF}.Debug|Any CPU.Build.0 = Debug|Any CPU
		{9B9B2621-6DAC-4D1E-A2BC-E9DC5F6874AF}.Debug|ARM.ActiveCfg = Debug|Any CPU
		{9B9B2621-6DAC-4D1E-A2BC-E9DC5F6874AF}.Debug|ARM.Build.0 = Debug|Any CPU
		{9B9B2621-6DAC-4D1E-A2BC-E9DC5F6874AF}.Debug|Win32.ActiveCfg = Debug|Any CPU
		{9B9B2621-6DAC-4D1E-A2BC-E9DC5F6874AF}.Debug|Win32.Build.0 = Debug|Any CPU
		{9B9B2621-6DAC-4D1E-A2BC-E9DC5F6874AF}.Debug|x64.ActiveCfg = Debug|x64
		{9B9B2621-6DAC-4D1E-A2BC-E9DC5F6874AF}.Debug|x64.Build.0 = Debug|x64
		{9B9B2621-6DAC-4D1E-A2BC-E9DC5F6874AF}.Debug|x86.ActiveCfg = Debug|Any CPU
		{9B9B2621-6DAC-4D1E-A2BC-E9DC5F6874AF}.Debug|x86.Build.0 = Debug|Any CPU
		{9B9B2621-6DAC-4D1E-A2BC-E9DC5F6874AF}.Release|Any CPU.ActiveCfg = Release|Any CPU
		{9B9B2621-6DAC-4D1E-A2BC-E9DC5F6874AF}.Release|Any CPU.Build.0 = Release|Any CPU
		{9B9B2621-6DAC-4D1E-A2BC-E9DC5F6874AF}.Release|ARM.ActiveCfg = Release|Any CPU
		{9B9B2621-6DAC-4D1E-A2BC-E9DC5F6874AF}.Release|ARM.Build.0 = Release|Any CPU
		{9B9B2621-6DAC-4D1E-A2BC-E9DC5F6874AF}.Release|Win32.ActiveCfg = Release|Any CPU
		{9B9B2621-6DAC-4D1E-A2BC-E9DC5F6874AF}.Release|Win32.Build.0 = Release|Any CPU
		{9B9B2621-6DAC-4D1E-A2BC-E9DC5F6874AF}.Release|x64.ActiveCfg = Release|Any CPU
		{9B9B2621-6DAC-4D1E-A2BC-E9DC5F6874AF}.Release|x64.Build.0 = Release|Any CPU
		{9B9B2621-6DAC-4D1E-A2BC-E9DC5F6874AF}.Release|x86.ActiveCfg = Release|Any CPU
		{9B9B2621-6DAC-4D1E-A2BC-E9DC5F6874AF}.Release|x86.Build.0 = Release|Any CPU
		{9B9B2621-6DAC-4D1E-A2BC-E9DC5F6874AF}.Setup_Release|Any CPU.ActiveCfg = Release|Any CPU
		{9B9B2621-6DAC-4D1E-A2BC-E9DC5F6874AF}.Setup_Release|Any CPU.Build.0 = Release|Any CPU
		{9B9B2621-6DAC-4D1E-A2BC-E9DC5F6874AF}.Setup_Release|ARM.ActiveCfg = Release|Any CPU
		{9B9B2621-6DAC-4D1E-A2BC-E9DC5F6874AF}.Setup_Release|ARM.Build.0 = Release|Any CPU
		{9B9B2621-6DAC-4D1E-A2BC-E9DC5F6874AF}.Setup_Release|Win32.ActiveCfg = Release|Any CPU
		{9B9B2621-6DAC-4D1E-A2BC-E9DC5F6874AF}.Setup_Release|Win32.Build.0 = Release|Any CPU
		{9B9B2621-6DAC-4D1E-A2BC-E9DC5F6874AF}.Setup_Release|x64.ActiveCfg = Release|Any CPU
		{9B9B2621-6DAC-4D1E-A2BC-E9DC5F6874AF}.Setup_Release|x64.Build.0 = Release|Any CPU
		{9B9B2621-6DAC-4D1E-A2BC-E9DC5F6874AF}.Setup_Release|x86.ActiveCfg = Release|Any CPU
		{9B9B2621-6DAC-4D1E-A2BC-E9DC5F6874AF}.Setup_Release|x86.Build.0 = Release|Any CPU
	EndGlobalSection
	GlobalSection(SolutionProperties) = preSolution
		HideSolutionNode = FALSE
	EndGlobalSection
	GlobalSection(NestedProjects) = preSolution
		{9B4A22B0-3167-46A8-A82E-01F6FB6DF403} = {BED183D3-5E82-440D-A2FE-E977560B3E20}
		{11BDA4BA-C0B4-4360-9E96-407022AFA0C2} = {BED183D3-5E82-440D-A2FE-E977560B3E20}
		{DBEBD3F1-85B3-4D9C-B846-C25B511A156A} = {C11050D8-915C-4BF3-B5D6-8A69199B58D7}
		{92265B46-21E4-4AED-A4C9-D0371D0DD4EF} = {FAEF3F80-B91B-46F5-967E-D79A38317AEE}
		{04FA3862-E17A-49F2-8C10-5F84E9084350} = {92265B46-21E4-4AED-A4C9-D0371D0DD4EF}
		{B97824A5-322A-43DC-8340-63AA2D2CC823} = {FAEF3F80-B91B-46F5-967E-D79A38317AEE}
		{45D41ACC-2C3C-43D2-BC10-02AA73FFC7C7} = {C11050D8-915C-4BF3-B5D6-8A69199B58D7}
		{F9D326AB-AC8E-4E1B-879F-44F8A26F6F4C} = {C11050D8-915C-4BF3-B5D6-8A69199B58D7}
		{04CBCB7B-CB97-405D-A6DD-5048774E56C3} = {C11050D8-915C-4BF3-B5D6-8A69199B58D7}
		{9A244334-391E-4288-9B9D-59047B33AC0A} = {C11050D8-915C-4BF3-B5D6-8A69199B58D7}
		{E1CF2D6B-748E-4333-BFF1-CDCE0D75D8E3} = {92265B46-21E4-4AED-A4C9-D0371D0DD4EF}
		{4426F97B-389D-4BF2-8ABC-151A32DC774A} = {C11050D8-915C-4BF3-B5D6-8A69199B58D7}
		{24756EB7-C420-4294-AF63-DB142B7EBC3F} = {FAEF3F80-B91B-46F5-967E-D79A38317AEE}
		{5857C378-E660-48F9-886F-E0778B78C036} = {24756EB7-C420-4294-AF63-DB142B7EBC3F}
		{276B4412-EF99-4697-90B1-4AD575773723} = {BED183D3-5E82-440D-A2FE-E977560B3E20}
		{6FCA845E-1857-4269-86E5-3604769B687E} = {C11050D8-915C-4BF3-B5D6-8A69199B58D7}
		{067B0B22-23D8-4EEF-B893-5E30FC02A60B} = {92265B46-21E4-4AED-A4C9-D0371D0DD4EF}
		{28DD680C-6979-4AA4-B3FF-D6B7C0BF8C25} = {B97824A5-322A-43DC-8340-63AA2D2CC823}
		{4CDBE5D8-D07E-4EE1-8402-0834280EA596} = {C11050D8-915C-4BF3-B5D6-8A69199B58D7}
		{FA14B410-A5A2-41FD-8A4E-C8E317051764} = {FAEF3F80-B91B-46F5-967E-D79A38317AEE}
		{9B9B2621-6DAC-4D1E-A2BC-E9DC5F6874AF} = {FA14B410-A5A2-41FD-8A4E-C8E317051764}
		{35CAB925-A92F-4664-B8D9-2600DDD734DC} = {FAEF3F80-B91B-46F5-967E-D79A38317AEE}
	EndGlobalSection
	GlobalSection(ExtensibilityGlobals) = postSolution
		SolutionGuid = {A0C2C1B2-3FFC-4F6E-BC7E-A34CB06165F9}
	EndGlobalSection
EndGlobal
