
Microsoft Visual Studio Solution File, Format Version 12.00
# Visual Studio 15
VisualStudioVersion = 15.0.28307.539
MinimumVisualStudioVersion = 10.0.40219.1
Project("{8BC9CEB8-8B4A-11D0-8D11-00A0C91BC942}") = "KMDFSample", "KMDFSample\KMDFSample.vcxproj", "{AD48B3F8-D74C-49DB-B212-A2EA459932A5}"
EndProject
Global
	GlobalSection(SolutionConfigurationPlatforms) = preSolution
		Debug|ARM = Debug|ARM
		Debug|ARM64 = Debug|ARM64
		Debug|x64 = Debug|x64
		Debug|x86 = Debug|x86
		Release|ARM = Release|ARM
		Release|ARM64 = Release|ARM64
		Release|x64 = Release|x64
		Release|x86 = Release|x86
	EndGlobalSection
	GlobalSection(ProjectConfigurationPlatforms) = postSolution
		{AD48B3F8-D74C-49DB-B212-A2EA459932A5}.Debug|ARM.ActiveCfg = Debug|ARM
		{AD48B3F8-D74C-49DB-B212-A2EA459932A5}.Debug|ARM.Build.0 = Debug|ARM
		{AD48B3F8-D74C-49DB-B212-A2EA459932A5}.Debug|ARM.Deploy.0 = Debug|ARM
		{AD48B3F8-D74C-49DB-B212-A2EA459932A5}.Debug|ARM64.ActiveCfg = Debug|ARM64
		{AD48B3F8-D74C-49DB-B212-A2EA459932A5}.Debug|ARM64.Build.0 = Debug|ARM64
		{AD48B3F8-D74C-49DB-B212-A2EA459932A5}.Debug|ARM64.Deploy.0 = Debug|ARM64
		{AD48B3F8-D74C-49DB-B212-A2EA459932A5}.Debug|x64.ActiveCfg = Debug|x64
		{AD48B3F8-D74C-49DB-B212-A2EA459932A5}.Debug|x64.Build.0 = Debug|x64
		{AD48B3F8-D74C-49DB-B212-A2EA459932A5}.Debug|x64.Deploy.0 = Debug|x64
		{AD48B3F8-D74C-49DB-B212-A2EA459932A5}.Debug|x86.ActiveCfg = Debug|Win32
		{AD48B3F8-D74C-49DB-B212-A2EA459932A5}.Debug|x86.Build.0 = Debug|Win32
		{AD48B3F8-D74C-49DB-B212-A2EA459932A5}.Debug|x86.Deploy.0 = Debug|Win32
		{AD48B3F8-D74C-49DB-B212-A2EA459932A5}.Release|ARM.ActiveCfg = Release|ARM
		{AD48B3F8-D74C-49DB-B212-A2EA459932A5}.Release|ARM.Build.0 = Release|ARM
		{AD48B3F8-D74C-49DB-B212-A2EA459932A5}.Release|ARM.Deploy.0 = Release|ARM
		{AD48B3F8-D74C-49DB-B212-A2EA459932A5}.Release|ARM64.ActiveCfg = Release|ARM64
		{AD48B3F8-D74C-49DB-B212-A2EA459932A5}.Release|ARM64.Build.0 = Release|ARM64
		{AD48B3F8-D74C-49DB-B212-A2EA459932A5}.Release|ARM64.Deploy.0 = Release|ARM64
		{AD48B3F8-D74C-49DB-B212-A2EA459932A5}.Release|x64.ActiveCfg = Release|x64
		{AD48B3F8-D74C-49DB-B212-A2EA459932A5}.Release|x64.Build.0 = Release|x64
		{AD48B3F8-D74C-49DB-B212-A2EA459932A5}.Release|x64.Deploy.0 = Release|x64
		{AD48B3F8-D74C-49DB-B212-A2EA459932A5}.Release|x86.ActiveCfg = Release|Win32
		{AD48B3F8-D74C-49DB-B212-A2EA459932A5}.Release|x86.Build.0 = Release|Win32
		{AD48B3F8-D74C-49DB-B212-A2EA459932A5}.Release|x86.Deploy.0 = Release|Win32
	EndGlobalSection
	GlobalSection(SolutionProperties) = preSolution
		HideSolutionNode = FALSE
	EndGlobalSection
	GlobalSection(ExtensibilityGlobals) = postSolution
		SolutionGuid = {53DD6A9B-F642-466C-8DDC-5502570BABD8}
	EndGlobalSection
EndGlobal
