
Microsoft Visual Studio Solution File, Format Version 12.00
# Visual Studio 15
VisualStudioVersion = 15.0.28010.2048
MinimumVisualStudioVersion = 10.0.40219.1
Project("{FAE04EC0-301F-11D3-BF4B-00C04F79EFBC}") = "PrismDemo", "PrismDemo\PrismDemo.csproj", "{55C4F190-D151-4D5D-8BC9-33774F686932}"
EndProject
Project("{2150E333-8FDC-42A3-9474-1A3956D46DE8}") = "Modules", "Modules", "{2192270D-7EFB-4539-8F16-DC5D315A5E6F}"
EndProject
Project("{FAE04EC0-301F-11D3-BF4B-00C04F79EFBC}") = "MenuModule", "Modules\MenuModule\MenuModule.csproj", "{D09EC73A-253C-4ECE-ABDF-B0CAECE65F53}"
EndProject
Project("{FAE04EC0-301F-11D3-BF4B-00C04F79EFBC}") = "AudioDemoModule", "Modules\AudioDemoModule\AudioDemoModule.csproj", "{A8403894-EA96-4F52-8211-BEE042237698}"
EndProject
Project("{2150E333-8FDC-42A3-9474-1A3956D46DE8}") = "Libraries", "Libraries", "{379F1143-9CB9-4F60-AB71-08C544E319B7}"
EndProject
Project("{FAE04EC0-301F-11D3-BF4B-00C04F79EFBC}") = "AudioControlLib", "Libraries\AudioControlLib\AudioControlLib.csproj", "{249CC344-74AE-44B4-A6B2-4E108206F0BE}"
EndProject
Project("{FAE04EC0-301F-11D3-BF4B-00C04F79EFBC}") = "CommonUILib", "Libraries\CommonUILib\CommonUILib.csproj", "{FE476D8C-ECB3-42BF-B4A1-E952E275C9B5}"
EndProject
Project("{FAE04EC0-301F-11D3-BF4B-00C04F79EFBC}") = "HIDDemoModule", "Modules\HIDDemoModule\HIDDemoModule.csproj", "{987D809A-3257-4EBA-B6CC-F69559CCAF99}"
EndProject
Project("{FAE04EC0-301F-11D3-BF4B-00C04F79EFBC}") = "SystemControlLib", "Libraries\SystemControlLib\SystemControlLib.csproj", "{5F4C2D84-9E4B-4515-8408-3A42724B5709}"
EndProject
Global
	GlobalSection(SolutionConfigurationPlatforms) = preSolution
		Debug|Any CPU = Debug|Any CPU
		Debug|x64 = Debug|x64
		Release|Any CPU = Release|Any CPU
		Release|x64 = Release|x64
	EndGlobalSection
	GlobalSection(ProjectConfigurationPlatforms) = postSolution
		{55C4F190-D151-4D5D-8BC9-33774F686932}.Debug|Any CPU.ActiveCfg = Debug|Any CPU
		{55C4F190-D151-4D5D-8BC9-33774F686932}.Debug|Any CPU.Build.0 = Debug|Any CPU
		{55C4F190-D151-4D5D-8BC9-33774F686932}.Debug|x64.ActiveCfg = Debug|x64
		{55C4F190-D151-4D5D-8BC9-33774F686932}.Debug|x64.Build.0 = Debug|x64
		{55C4F190-D151-4D5D-8BC9-33774F686932}.Release|Any CPU.ActiveCfg = Release|Any CPU
		{55C4F190-D151-4D5D-8BC9-33774F686932}.Release|Any CPU.Build.0 = Release|Any CPU
		{55C4F190-D151-4D5D-8BC9-33774F686932}.Release|x64.ActiveCfg = Release|Any CPU
		{55C4F190-D151-4D5D-8BC9-33774F686932}.Release|x64.Build.0 = Release|Any CPU
		{D09EC73A-253C-4ECE-ABDF-B0CAECE65F53}.Debug|Any CPU.ActiveCfg = Debug|Any CPU
		{D09EC73A-253C-4ECE-ABDF-B0CAECE65F53}.Debug|Any CPU.Build.0 = Debug|Any CPU
		{D09EC73A-253C-4ECE-ABDF-B0CAECE65F53}.Debug|x64.ActiveCfg = Debug|x64
		{D09EC73A-253C-4ECE-ABDF-B0CAECE65F53}.Debug|x64.Build.0 = Debug|x64
		{D09EC73A-253C-4ECE-ABDF-B0CAECE65F53}.Release|Any CPU.ActiveCfg = Release|Any CPU
		{D09EC73A-253C-4ECE-ABDF-B0CAECE65F53}.Release|Any CPU.Build.0 = Release|Any CPU
		{D09EC73A-253C-4ECE-ABDF-B0CAECE65F53}.Release|x64.ActiveCfg = Release|Any CPU
		{D09EC73A-253C-4ECE-ABDF-B0CAECE65F53}.Release|x64.Build.0 = Release|Any CPU
		{A8403894-EA96-4F52-8211-BEE042237698}.Debug|Any CPU.ActiveCfg = Debug|Any CPU
		{A8403894-EA96-4F52-8211-BEE042237698}.Debug|Any CPU.Build.0 = Debug|Any CPU
		{A8403894-EA96-4F52-8211-BEE042237698}.Debug|x64.ActiveCfg = Debug|x64
		{A8403894-EA96-4F52-8211-BEE042237698}.Debug|x64.Build.0 = Debug|x64
		{A8403894-EA96-4F52-8211-BEE042237698}.Release|Any CPU.ActiveCfg = Release|Any CPU
		{A8403894-EA96-4F52-8211-BEE042237698}.Release|Any CPU.Build.0 = Release|Any CPU
		{A8403894-EA96-4F52-8211-BEE042237698}.Release|x64.ActiveCfg = Release|Any CPU
		{A8403894-EA96-4F52-8211-BEE042237698}.Release|x64.Build.0 = Release|Any CPU
		{249CC344-74AE-44B4-A6B2-4E108206F0BE}.Debug|Any CPU.ActiveCfg = Debug|Any CPU
		{249CC344-74AE-44B4-A6B2-4E108206F0BE}.Debug|Any CPU.Build.0 = Debug|Any CPU
		{249CC344-74AE-44B4-A6B2-4E108206F0BE}.Debug|x64.ActiveCfg = Debug|x64
		{249CC344-74AE-44B4-A6B2-4E108206F0BE}.Debug|x64.Build.0 = Debug|x64
		{249CC344-74AE-44B4-A6B2-4E108206F0BE}.Release|Any CPU.ActiveCfg = Release|Any CPU
		{249CC344-74AE-44B4-A6B2-4E108206F0BE}.Release|Any CPU.Build.0 = Release|Any CPU
		{249CC344-74AE-44B4-A6B2-4E108206F0BE}.Release|x64.ActiveCfg = Release|x64
		{249CC344-74AE-44B4-A6B2-4E108206F0BE}.Release|x64.Build.0 = Release|x64
		{FE476D8C-ECB3-42BF-B4A1-E952E275C9B5}.Debug|Any CPU.ActiveCfg = Debug|Any CPU
		{FE476D8C-ECB3-42BF-B4A1-E952E275C9B5}.Debug|Any CPU.Build.0 = Debug|Any CPU
		{FE476D8C-ECB3-42BF-B4A1-E952E275C9B5}.Debug|x64.ActiveCfg = Debug|x64
		{FE476D8C-ECB3-42BF-B4A1-E952E275C9B5}.Debug|x64.Build.0 = Debug|x64
		{FE476D8C-ECB3-42BF-B4A1-E952E275C9B5}.Release|Any CPU.ActiveCfg = Release|Any CPU
		{FE476D8C-ECB3-42BF-B4A1-E952E275C9B5}.Release|Any CPU.Build.0 = Release|Any CPU
		{FE476D8C-ECB3-42BF-B4A1-E952E275C9B5}.Release|x64.ActiveCfg = Release|Any CPU
		{FE476D8C-ECB3-42BF-B4A1-E952E275C9B5}.Release|x64.Build.0 = Release|Any CPU
		{987D809A-3257-4EBA-B6CC-F69559CCAF99}.Debug|Any CPU.ActiveCfg = Debug|Any CPU
		{987D809A-3257-4EBA-B6CC-F69559CCAF99}.Debug|Any CPU.Build.0 = Debug|Any CPU
		{987D809A-3257-4EBA-B6CC-F69559CCAF99}.Debug|x64.ActiveCfg = Debug|x64
		{987D809A-3257-4EBA-B6CC-F69559CCAF99}.Debug|x64.Build.0 = Debug|x64
		{987D809A-3257-4EBA-B6CC-F69559CCAF99}.Release|Any CPU.ActiveCfg = Release|Any CPU
		{987D809A-3257-4EBA-B6CC-F69559CCAF99}.Release|Any CPU.Build.0 = Release|Any CPU
		{987D809A-3257-4EBA-B6CC-F69559CCAF99}.Release|x64.ActiveCfg = Release|Any CPU
		{987D809A-3257-4EBA-B6CC-F69559CCAF99}.Release|x64.Build.0 = Release|Any CPU
		{5F4C2D84-9E4B-4515-8408-3A42724B5709}.Debug|Any CPU.ActiveCfg = Debug|Any CPU
		{5F4C2D84-9E4B-4515-8408-3A42724B5709}.Debug|Any CPU.Build.0 = Debug|Any CPU
		{5F4C2D84-9E4B-4515-8408-3A42724B5709}.Debug|x64.ActiveCfg = Debug|Any CPU
		{5F4C2D84-9E4B-4515-8408-3A42724B5709}.Debug|x64.Build.0 = Debug|Any CPU
		{5F4C2D84-9E4B-4515-8408-3A42724B5709}.Release|Any CPU.ActiveCfg = Release|Any CPU
		{5F4C2D84-9E4B-4515-8408-3A42724B5709}.Release|Any CPU.Build.0 = Release|Any CPU
		{5F4C2D84-9E4B-4515-8408-3A42724B5709}.Release|x64.ActiveCfg = Release|Any CPU
		{5F4C2D84-9E4B-4515-8408-3A42724B5709}.Release|x64.Build.0 = Release|Any CPU
	EndGlobalSection
	GlobalSection(SolutionProperties) = preSolution
		HideSolutionNode = FALSE
	EndGlobalSection
	GlobalSection(NestedProjects) = preSolution
		{D09EC73A-253C-4ECE-ABDF-B0CAECE65F53} = {2192270D-7EFB-4539-8F16-DC5D315A5E6F}
		{A8403894-EA96-4F52-8211-BEE042237698} = {2192270D-7EFB-4539-8F16-DC5D315A5E6F}
		{249CC344-74AE-44B4-A6B2-4E108206F0BE} = {379F1143-9CB9-4F60-AB71-08C544E319B7}
		{FE476D8C-ECB3-42BF-B4A1-E952E275C9B5} = {379F1143-9CB9-4F60-AB71-08C544E319B7}
		{987D809A-3257-4EBA-B6CC-F69559CCAF99} = {2192270D-7EFB-4539-8F16-DC5D315A5E6F}
		{5F4C2D84-9E4B-4515-8408-3A42724B5709} = {379F1143-9CB9-4F60-AB71-08C544E319B7}
	EndGlobalSection
	GlobalSection(ExtensibilityGlobals) = postSolution
		SolutionGuid = {60217D94-DFCD-4C7C-8A11-C5880BC9EAE9}
	EndGlobalSection
EndGlobal
