
Microsoft Visual Studio Solution File, Format Version 12.00
# Visual Studio Version 17
VisualStudioVersion = 17.14.36327.8 d17.14
MinimumVisualStudioVersion = 10.0.40219.1
Project("{FAE04EC0-301F-11D3-BF4B-00C04F79EFBC}") = "CPU-Bench-AI", "CPU-Bench-AI\CPU-Bench-AI.csproj", "{2ED3338E-D974-432A-A069-AEBB3F9D4F0A}"
EndProject
Global
	GlobalSection(SolutionConfigurationPlatforms) = preSolution
		Debug|Any CPU = Debug|Any CPU
		Release|Any CPU = Release|Any CPU
	EndGlobalSection
	GlobalSection(ProjectConfigurationPlatforms) = postSolution
		{2ED3338E-D974-432A-A069-AEBB3F9D4F0A}.Debug|Any CPU.ActiveCfg = Debug|Any CPU
		{2ED3338E-D974-432A-A069-AEBB3F9D4F0A}.Debug|Any CPU.Build.0 = Debug|Any CPU
		{2ED3338E-D974-432A-A069-AEBB3F9D4F0A}.Release|Any CPU.ActiveCfg = Release|Any CPU
		{2ED3338E-D974-432A-A069-AEBB3F9D4F0A}.Release|Any CPU.Build.0 = Release|Any CPU
	EndGlobalSection
	GlobalSection(SolutionProperties) = preSolution
		HideSolutionNode = FALSE
	EndGlobalSection
	GlobalSection(ExtensibilityGlobals) = postSolution
		SolutionGuid = {D8D288F5-991E-4CF0-AAA5-3385A75E7203}
	EndGlobalSection
EndGlobal
